// !$*UTF8*$!
{
	archiveVersion = 1;
	classes = {
	};
	objectVersion = 46;
	objects = {

/* Begin PBXBuildFile section */
		00C302E51ABCBA2D00DB3ED1 /* libRCTActionSheet.a in Frameworks */ = {isa = PBXBuildFile; fileRef = 00C302AC1ABCB8CE00DB3ED1 /* libRCTActionSheet.a */; };
		00C302E71ABCBA2D00DB3ED1 /* libRCTGeolocation.a in Frameworks */ = {isa = PBXBuildFile; fileRef = 00C302BA1ABCB90400DB3ED1 /* libRCTGeolocation.a */; };
		00C302E81ABCBA2D00DB3ED1 /* libRCTImage.a in Frameworks */ = {isa = PBXBuildFile; fileRef = 00C302C01ABCB91800DB3ED1 /* libRCTImage.a */; };
		00C302E91ABCBA2D00DB3ED1 /* libRCTNetwork.a in Frameworks */ = {isa = PBXBuildFile; fileRef = 00C302DC1ABCB9D200DB3ED1 /* libRCTNetwork.a */; };
		00C302EA1ABCBA2D00DB3ED1 /* libRCTVibration.a in Frameworks */ = {isa = PBXBuildFile; fileRef = 00C302E41ABCB9EE00DB3ED1 /* libRCTVibration.a */; };
		00E356F31AD99517003FC87E /* NeedlIOSTests.m in Sources */ = {isa = PBXBuildFile; fileRef = 00E356F21AD99517003FC87E /* NeedlIOSTests.m */; };
		010E21EC65D34E6DB4DBA50D /* Entypo.ttf in Resources */ = {isa = PBXBuildFile; fileRef = 478EF6EFA1C84A97963FC4D1 /* Entypo.ttf */; };
		131605A51C71DCAD002BCCB7 /* libRNDeviceInfo.a in Frameworks */ = {isa = PBXBuildFile; fileRef = 131605A41C71DC9A002BCCB7 /* libRNDeviceInfo.a */; };
		131605E71C71E85B002BCCB7 /* libBranch.a in Frameworks */ = {isa = PBXBuildFile; fileRef = 131605E41C71E81A002BCCB7 /* libBranch.a */; };
		133E29F31AD74F7200F7D852 /* libRCTLinking.a in Frameworks */ = {isa = PBXBuildFile; fileRef = 78C398B91ACF4ADC00677621 /* libRCTLinking.a */; };
		136F9B931C6B679B00774322 /* FBSDKCoreKit.framework in Frameworks */ = {isa = PBXBuildFile; fileRef = 13E2B8AA1C68E12900A8CFEC /* FBSDKCoreKit.framework */; };
		136F9B941C6B679B00774322 /* FBSDKLoginKit.framework in Frameworks */ = {isa = PBXBuildFile; fileRef = 13E2B8AB1C68E12900A8CFEC /* FBSDKLoginKit.framework */; };
		136F9B951C6B679B00774322 /* FBSDKShareKit.framework in Frameworks */ = {isa = PBXBuildFile; fileRef = 13E2B8AC1C68E12900A8CFEC /* FBSDKShareKit.framework */; };
		136F9B961C6B679B00774322 /* Bolts.framework in Frameworks */ = {isa = PBXBuildFile; fileRef = 133A16471C60E4E000D4369D /* Bolts.framework */; };
		136F9BC41C6B72EC00774322 /* FontAwesome.ttf in Resources */ = {isa = PBXBuildFile; fileRef = 136F9BC31C6B72EC00774322 /* FontAwesome.ttf */; };
		13818BEE1C5A16FB0067A620 /* libAirMaps.a in Frameworks */ = {isa = PBXBuildFile; fileRef = 13818BED1C5A16DC0067A620 /* libAirMaps.a */; };
		138F19111C5A63B900294FA5 /* libReactNativeIcons.a in Frameworks */ = {isa = PBXBuildFile; fileRef = 138F190B1C5A63AC00294FA5 /* libReactNativeIcons.a */; };
		138F19131C5A63C000294FA5 /* libBranch.a in Frameworks */ = {isa = PBXBuildFile; fileRef = 138F19121C5A63C000294FA5 /* libBranch.a */; };
		139105C61AF99C1200B5F7CC /* libRCTSettings.a in Frameworks */ = {isa = PBXBuildFile; fileRef = 139105C11AF99BAD00B5F7CC /* libRCTSettings.a */; };
		139F27E31C6B519C0016E73E /* libRCTFBLogin.a in Frameworks */ = {isa = PBXBuildFile; fileRef = 139F27E21C6B51850016E73E /* libRCTFBLogin.a */; };
		139FDEF61B0652A700C62182 /* libRCTWebSocket.a in Frameworks */ = {isa = PBXBuildFile; fileRef = 139FDEF41B06529B00C62182 /* libRCTWebSocket.a */; };
		13A6489D1C916A210026109C /* Default-736h@3x.png in Resources */ = {isa = PBXBuildFile; fileRef = 13A6489C1C916A210026109C /* Default-736h@3x.png */; };
		13B07FBC1A68108700A75B9A /* AppDelegate.m in Sources */ = {isa = PBXBuildFile; fileRef = 13B07FB01A68108700A75B9A /* AppDelegate.m */; };
		13B07FBF1A68108700A75B9A /* Images.xcassets in Resources */ = {isa = PBXBuildFile; fileRef = 13B07FB51A68108700A75B9A /* Images.xcassets */; };
		13B07FC11A68108700A75B9A /* main.m in Sources */ = {isa = PBXBuildFile; fileRef = 13B07FB71A68108700A75B9A /* main.m */; };
		13D739631CA3E92C005B8A5E /* libRNImagePicker.a in Frameworks */ = {isa = PBXBuildFile; fileRef = 13D739621CA3E921005B8A5E /* libRNImagePicker.a */; };
		13D739651CA3F53E005B8A5E /* RCTFileTransfer.m in Sources */ = {isa = PBXBuildFile; fileRef = 13D739641CA3F53E005B8A5E /* RCTFileTransfer.m */; };
		146834051AC3E58100842450 /* libReact.a in Frameworks */ = {isa = PBXBuildFile; fileRef = 146834041AC3E56700842450 /* libReact.a */; };
		2D57CEBD2E0A468EB139C11B /* Zocial.ttf in Resources */ = {isa = PBXBuildFile; fileRef = 6BB6F15093964E19AC1232CC /* Zocial.ttf */; };
		3A8B1C4D1649494EBF1ECE01 /* EvilIcons.ttf in Resources */ = {isa = PBXBuildFile; fileRef = F452E3349A1F4BF6ACA35C98 /* EvilIcons.ttf */; };
		54F5BD2FB6694E4180B3730D /* MaterialIcons.ttf in Resources */ = {isa = PBXBuildFile; fileRef = F5BB613AD7634345ABB271F2 /* MaterialIcons.ttf */; };
		68389F880E294A6893DCB82B /* libRNVectorIcons.a in Frameworks */ = {isa = PBXBuildFile; fileRef = 159A24DFC8A54534B463AC41 /* libRNVectorIcons.a */; };
		7BA48ACAC3B845EA8FCFACE1 /* libRNBranch.a in Frameworks */ = {isa = PBXBuildFile; fileRef = D1681434EE1D4CB6956E7411 /* libRNBranch.a */; };
		832341BD1AAA6AB300B99B32 /* libRCTText.a in Frameworks */ = {isa = PBXBuildFile; fileRef = 832341B51AAA6A8300B99B32 /* libRCTText.a */; };
		8FAC61AC56004151A6991736 /* Octicons.ttf in Resources */ = {isa = PBXBuildFile; fileRef = 0E45856FF05E4E81A064AA82 /* Octicons.ttf */; };
		97CFAC2D4DAF4C1CB1D75755 /* libRNQuickAction.a in Frameworks */ = {isa = PBXBuildFile; fileRef = B61EF3B885494D4CB899E3D3 /* libRNQuickAction.a */; };
		9F09BB0B52D84139A1F0FD33 /* Ionicons.ttf in Resources */ = {isa = PBXBuildFile; fileRef = 5A520F5C29A446968D63568C /* Ionicons.ttf */; };
		A32E076D1C0749CF0075E6E8 /* Quicksand_Dash.otf in Resources */ = {isa = PBXBuildFile; fileRef = A32E07661C0749CF0075E6E8 /* Quicksand_Dash.otf */; };
		A32E076E1C0749CF0075E6E8 /* Quicksand-Bold.otf in Resources */ = {isa = PBXBuildFile; fileRef = A32E07671C0749CF0075E6E8 /* Quicksand-Bold.otf */; };
		A32E076F1C0749CF0075E6E8 /* Quicksand-BoldItalic.otf in Resources */ = {isa = PBXBuildFile; fileRef = A32E07681C0749CF0075E6E8 /* Quicksand-BoldItalic.otf */; };
		A32E07701C0749CF0075E6E8 /* Quicksand-Italic.otf in Resources */ = {isa = PBXBuildFile; fileRef = A32E07691C0749CF0075E6E8 /* Quicksand-Italic.otf */; };
		A32E07711C0749CF0075E6E8 /* Quicksand-Light.otf in Resources */ = {isa = PBXBuildFile; fileRef = A32E076A1C0749CF0075E6E8 /* Quicksand-Light.otf */; };
		A32E07721C0749CF0075E6E8 /* Quicksand-LightItalic.otf in Resources */ = {isa = PBXBuildFile; fileRef = A32E076B1C0749CF0075E6E8 /* Quicksand-LightItalic.otf */; };
		A32E07731C0749CF0075E6E8 /* Quicksand-Regular.otf in Resources */ = {isa = PBXBuildFile; fileRef = A32E076C1C0749CF0075E6E8 /* Quicksand-Regular.otf */; };
		A32E07971C075B650075E6E8 /* libRNKeyboardEvents.a in Frameworks */ = {isa = PBXBuildFile; fileRef = A32E07961C075B5C0075E6E8 /* libRNKeyboardEvents.a */; };
		A32E079E1C075BCC0075E6E8 /* libRCTContacts.a in Frameworks */ = {isa = PBXBuildFile; fileRef = A32E079D1C075BC20075E6E8 /* libRCTContacts.a */; };
		A32E07A51C075C020075E6E8 /* libBVLinearGradient.a in Frameworks */ = {isa = PBXBuildFile; fileRef = A32E07A41C075BFB0075E6E8 /* libBVLinearGradient.a */; };
		A32E07B31C075CB60075E6E8 /* libRCTPushNotification.a in Frameworks */ = {isa = PBXBuildFile; fileRef = A32E07B21C075CB10075E6E8 /* libRCTPushNotification.a */; };
		A32E07B61C075DA20075E6E8 /* Default-568h@2x.png in Resources */ = {isa = PBXBuildFile; fileRef = A32E07B41C075DA20075E6E8 /* Default-568h@2x.png */; };
		A32E07B71C075DA20075E6E8 /* Default@2x.png in Resources */ = {isa = PBXBuildFile; fileRef = A32E07B51C075DA20075E6E8 /* Default@2x.png */; };
		A32E08231C08F9C70075E6E8 /* libRNOverlay.a in Frameworks */ = {isa = PBXBuildFile; fileRef = A32E08221C08F9B90075E6E8 /* libRNOverlay.a */; };
		A33A43B31C235750003F61B5 /* Podfile in Resources */ = {isa = PBXBuildFile; fileRef = A33A43B21C235750003F61B5 /* Podfile */; };
		A33A44471C235C42003F61B5 /* libMixpanel.a in Frameworks */ = {isa = PBXBuildFile; fileRef = A33A44461C235C42003F61B5 /* libMixpanel.a */; };
		A33A44481C235C44003F61B5 /* libRNMixpanel.a in Frameworks */ = {isa = PBXBuildFile; fileRef = A33A44451C235C32003F61B5 /* libRNMixpanel.a */; };
		A34313011C1975D7001255CF /* libRNSearchBar.a in Frameworks */ = {isa = PBXBuildFile; fileRef = A34313001C1975CF001255CF /* libRNSearchBar.a */; };
		A3D070331C158A6C00BB5FBD /* libRNMessageComposer.a in Frameworks */ = {isa = PBXBuildFile; fileRef = A3D070311C158A5200BB5FBD /* libRNMessageComposer.a */; };
		A3FFD7101C10AB4F00AB1038 /* LaunchScreen.storyboard in Resources */ = {isa = PBXBuildFile; fileRef = A3FFD70F1C10AB4F00AB1038 /* LaunchScreen.storyboard */; };
		A3FFD7121C10AE4800AB1038 /* Default-667h@2x.png in Resources */ = {isa = PBXBuildFile; fileRef = A3FFD7111C10AE4800AB1038 /* Default-667h@2x.png */; };
		CDB590BF3D514F7482604F56 /* Foundation.ttf in Resources */ = {isa = PBXBuildFile; fileRef = 481F0CC8C7834CDCBD8CB87B /* Foundation.ttf */; };
/* End PBXBuildFile section */

/* Begin PBXContainerItemProxy section */
		00C302AB1ABCB8CE00DB3ED1 /* PBXContainerItemProxy */ = {
			isa = PBXContainerItemProxy;
			containerPortal = 00C302A71ABCB8CE00DB3ED1 /* RCTActionSheet.xcodeproj */;
			proxyType = 2;
			remoteGlobalIDString = 134814201AA4EA6300B7C361;
			remoteInfo = RCTActionSheet;
		};
		00C302B91ABCB90400DB3ED1 /* PBXContainerItemProxy */ = {
			isa = PBXContainerItemProxy;
			containerPortal = 00C302B51ABCB90400DB3ED1 /* RCTGeolocation.xcodeproj */;
			proxyType = 2;
			remoteGlobalIDString = 134814201AA4EA6300B7C361;
			remoteInfo = RCTGeolocation;
		};
		00C302BF1ABCB91800DB3ED1 /* PBXContainerItemProxy */ = {
			isa = PBXContainerItemProxy;
			containerPortal = 00C302BB1ABCB91800DB3ED1 /* RCTImage.xcodeproj */;
			proxyType = 2;
			remoteGlobalIDString = 58B5115D1A9E6B3D00147676;
			remoteInfo = RCTImage;
		};
		00C302DB1ABCB9D200DB3ED1 /* PBXContainerItemProxy */ = {
			isa = PBXContainerItemProxy;
			containerPortal = 00C302D31ABCB9D200DB3ED1 /* RCTNetwork.xcodeproj */;
			proxyType = 2;
			remoteGlobalIDString = 58B511DB1A9E6C8500147676;
			remoteInfo = RCTNetwork;
		};
		00C302E31ABCB9EE00DB3ED1 /* PBXContainerItemProxy */ = {
			isa = PBXContainerItemProxy;
			containerPortal = 00C302DF1ABCB9EE00DB3ED1 /* RCTVibration.xcodeproj */;
			proxyType = 2;
			remoteGlobalIDString = 832C81801AAF6DEF007FA2F7;
			remoteInfo = RCTVibration;
		};
		00E356F41AD99517003FC87E /* PBXContainerItemProxy */ = {
			isa = PBXContainerItemProxy;
			containerPortal = 83CBB9F71A601CBA00E9B192 /* Project object */;
			proxyType = 1;
			remoteGlobalIDString = 13B07F861A680F5B00A75B9A;
			remoteInfo = NeedlIOS;
		};
		131605A31C71DC9A002BCCB7 /* PBXContainerItemProxy */ = {
			isa = PBXContainerItemProxy;
			containerPortal = 1316059F1C71DC99002BCCB7 /* RNDeviceInfo.xcodeproj */;
			proxyType = 2;
			remoteGlobalIDString = DA5891D81BA9A9FC002B4DB2;
			remoteInfo = RNDeviceInfo;
		};
		131605E31C71E81A002BCCB7 /* PBXContainerItemProxy */ = {
			isa = PBXContainerItemProxy;
			containerPortal = 131605DE1C71E81A002BCCB7 /* Pods.xcodeproj */;
			proxyType = 2;
			remoteGlobalIDString = 1FC84FC707C4DA2FFB08A03FEA003339;
			remoteInfo = Branch;
		};
		131605E51C71E81A002BCCB7 /* PBXContainerItemProxy */ = {
			isa = PBXContainerItemProxy;
			containerPortal = 131605DE1C71E81A002BCCB7 /* Pods.xcodeproj */;
			proxyType = 2;
			remoteGlobalIDString = 5AD36A7B057ACAC68A6B4A3B00FECB8E;
			remoteInfo = Pods;
		};
		1350BDFA1CA2F40C008553AC /* PBXContainerItemProxy */ = {
			isa = PBXContainerItemProxy;
			containerPortal = D99AE9F57AA7431DA4889B50 /* RNBranch.xcodeproj */;
			proxyType = 2;
			remoteGlobalIDString = B3A3CC361C5B0A070016AC52;
			remoteInfo = RNBranch;
		};
		13818BEC1C5A16DC0067A620 /* PBXContainerItemProxy */ = {
			isa = PBXContainerItemProxy;
			containerPortal = 13818BE81C5A16DC0067A620 /* AirMaps.xcodeproj */;
			proxyType = 2;
			remoteGlobalIDString = 11FA5C511C4A1296003AC2EE;
			remoteInfo = AirMaps;
		};
		138F190A1C5A63AC00294FA5 /* PBXContainerItemProxy */ = {
			isa = PBXContainerItemProxy;
			containerPortal = 138F18F41C5A63AC00294FA5 /* ReactNativeIcons.xcodeproj */;
			proxyType = 2;
			remoteGlobalIDString = 2F5A3EB81ACDBF8000439386;
			remoteInfo = ReactNativeIcons;
		};
		139105C01AF99BAD00B5F7CC /* PBXContainerItemProxy */ = {
			isa = PBXContainerItemProxy;
			containerPortal = 139105B61AF99BAD00B5F7CC /* RCTSettings.xcodeproj */;
			proxyType = 2;
			remoteGlobalIDString = 134814201AA4EA6300B7C361;
			remoteInfo = RCTSettings;
		};
		139F27E11C6B51850016E73E /* PBXContainerItemProxy */ = {
			isa = PBXContainerItemProxy;
			containerPortal = 139F27DD1C6B51850016E73E /* RCTFBLogin.xcodeproj */;
			proxyType = 2;
			remoteGlobalIDString = 4F3A6B5B1ACFBCC500CA65F7;
			remoteInfo = RCTFBLogin;
		};
		139FDEF31B06529B00C62182 /* PBXContainerItemProxy */ = {
			isa = PBXContainerItemProxy;
			containerPortal = 139FDEE61B06529A00C62182 /* RCTWebSocket.xcodeproj */;
			proxyType = 2;
			remoteGlobalIDString = 3C86DF461ADF2C930047B81A;
			remoteInfo = RCTWebSocket;
		};
		13CBADA91C6E2BCD00AD1D04 /* PBXContainerItemProxy */ = {
			isa = PBXContainerItemProxy;
			containerPortal = 08B96A0EB8A14D5A8D3B3662 /* RNQuickAction.xcodeproj */;
			proxyType = 2;
			remoteGlobalIDString = 91090D8B1BB6C934009AE358;
			remoteInfo = RNQuickAction;
		};
		13CBADAF1C6E2BCD00AD1D04 /* PBXContainerItemProxy */ = {
			isa = PBXContainerItemProxy;
			containerPortal = 13EF120679684B0BA8FBC3AD /* RNVectorIcons.xcodeproj */;
			proxyType = 2;
			remoteGlobalIDString = 5DBEB1501B18CEA900B34395;
			remoteInfo = RNVectorIcons;
		};
		13D739611CA3E921005B8A5E /* PBXContainerItemProxy */ = {
			isa = PBXContainerItemProxy;
			containerPortal = 13D7395D1CA3E921005B8A5E /* RNImagePicker.xcodeproj */;
			proxyType = 2;
			remoteGlobalIDString = 014A3B5C1C6CF33500B6D375;
			remoteInfo = RNImagePicker;
		};
		146834031AC3E56700842450 /* PBXContainerItemProxy */ = {
			isa = PBXContainerItemProxy;
			containerPortal = 146833FF1AC3E56700842450 /* React.xcodeproj */;
			proxyType = 2;
			remoteGlobalIDString = 83CBBA2E1A601D0E00E9B192;
			remoteInfo = React;
		};
		78C398B81ACF4ADC00677621 /* PBXContainerItemProxy */ = {
			isa = PBXContainerItemProxy;
			containerPortal = 78C398B01ACF4ADC00677621 /* RCTLinking.xcodeproj */;
			proxyType = 2;
			remoteGlobalIDString = 134814201AA4EA6300B7C361;
			remoteInfo = RCTLinking;
		};
		832341B41AAA6A8300B99B32 /* PBXContainerItemProxy */ = {
			isa = PBXContainerItemProxy;
			containerPortal = 832341B01AAA6A8300B99B32 /* RCTText.xcodeproj */;
			proxyType = 2;
			remoteGlobalIDString = 58B5119B1A9E6C1200147676;
			remoteInfo = RCTText;
		};
		A32E07951C075B5C0075E6E8 /* PBXContainerItemProxy */ = {
			isa = PBXContainerItemProxy;
			containerPortal = A32E07911C075B5B0075E6E8 /* RNKeyboardEvents.xcodeproj */;
			proxyType = 2;
			remoteGlobalIDString = F12AFB9B1ADAF8F800E0535D;
			remoteInfo = RNKeyboardEvents;
		};
		A32E079C1C075BC20075E6E8 /* PBXContainerItemProxy */ = {
			isa = PBXContainerItemProxy;
			containerPortal = A32E07981C075BC20075E6E8 /* RCTContacts.xcodeproj */;
			proxyType = 2;
			remoteGlobalIDString = 1441618E1BD0A79300FA4F59;
			remoteInfo = RCTContacts;
		};
		A32E07A31C075BFB0075E6E8 /* PBXContainerItemProxy */ = {
			isa = PBXContainerItemProxy;
			containerPortal = A32E079F1C075BFB0075E6E8 /* BVLinearGradient.xcodeproj */;
			proxyType = 2;
			remoteGlobalIDString = 134814201AA4EA6300B7C361;
			remoteInfo = BVLinearGradient;
		};
		A32E07B11C075CB10075E6E8 /* PBXContainerItemProxy */ = {
			isa = PBXContainerItemProxy;
			containerPortal = A32E07AD1C075CB10075E6E8 /* RCTPushNotification.xcodeproj */;
			proxyType = 2;
			remoteGlobalIDString = 134814201AA4EA6300B7C361;
			remoteInfo = RCTPushNotification;
		};
		A32E08211C08F9B90075E6E8 /* PBXContainerItemProxy */ = {
			isa = PBXContainerItemProxy;
			containerPortal = A32E081D1C08F9B90075E6E8 /* RNOverlay.xcodeproj */;
			proxyType = 2;
			remoteGlobalIDString = 134814201AA4EA6300B7C361;
			remoteInfo = RNOverlay;
		};
		A33A44441C235C32003F61B5 /* PBXContainerItemProxy */ = {
			isa = PBXContainerItemProxy;
			containerPortal = A33A44401C235C32003F61B5 /* RNMixpanel.xcodeproj */;
			proxyType = 2;
			remoteGlobalIDString = FDC64AF01BF1690D0044C1B4;
			remoteInfo = RNMixpanel;
		};
		A34312FF1C1975CF001255CF /* PBXContainerItemProxy */ = {
			isa = PBXContainerItemProxy;
			containerPortal = A34312E81C1975CE001255CF /* RNSearchBar.xcodeproj */;
			proxyType = 2;
			remoteGlobalIDString = 134814201AA4EA6300B7C361;
			remoteInfo = RNSearchBar;
		};
		A3D070301C158A5200BB5FBD /* PBXContainerItemProxy */ = {
			isa = PBXContainerItemProxy;
			containerPortal = A3D0701B1C158A5200BB5FBD /* RNMessageComposer.xcodeproj */;
			proxyType = 2;
			remoteGlobalIDString = C23F08041AFAB5C100312C72;
			remoteInfo = RNMessageComposer;
		};
/* End PBXContainerItemProxy section */

/* Begin PBXFileReference section */
		008F07F21AC5B25A0029DE68 /* main.jsbundle */ = {isa = PBXFileReference; fileEncoding = 4; lastKnownFileType = text; path = main.jsbundle; sourceTree = "<group>"; };
		00C302A71ABCB8CE00DB3ED1 /* RCTActionSheet.xcodeproj */ = {isa = PBXFileReference; lastKnownFileType = "wrapper.pb-project"; name = RCTActionSheet.xcodeproj; path = "../node_modules/react-native/Libraries/ActionSheetIOS/RCTActionSheet.xcodeproj"; sourceTree = "<group>"; };
		00C302B51ABCB90400DB3ED1 /* RCTGeolocation.xcodeproj */ = {isa = PBXFileReference; lastKnownFileType = "wrapper.pb-project"; name = RCTGeolocation.xcodeproj; path = "../node_modules/react-native/Libraries/Geolocation/RCTGeolocation.xcodeproj"; sourceTree = "<group>"; };
		00C302BB1ABCB91800DB3ED1 /* RCTImage.xcodeproj */ = {isa = PBXFileReference; lastKnownFileType = "wrapper.pb-project"; name = RCTImage.xcodeproj; path = "../node_modules/react-native/Libraries/Image/RCTImage.xcodeproj"; sourceTree = "<group>"; };
		00C302D31ABCB9D200DB3ED1 /* RCTNetwork.xcodeproj */ = {isa = PBXFileReference; lastKnownFileType = "wrapper.pb-project"; name = RCTNetwork.xcodeproj; path = "../node_modules/react-native/Libraries/Network/RCTNetwork.xcodeproj"; sourceTree = "<group>"; };
		00C302DF1ABCB9EE00DB3ED1 /* RCTVibration.xcodeproj */ = {isa = PBXFileReference; lastKnownFileType = "wrapper.pb-project"; name = RCTVibration.xcodeproj; path = "../node_modules/react-native/Libraries/Vibration/RCTVibration.xcodeproj"; sourceTree = "<group>"; };
		00E356EE1AD99517003FC87E /* NeedlIOSTests.xctest */ = {isa = PBXFileReference; explicitFileType = wrapper.cfbundle; includeInIndex = 0; path = NeedlIOSTests.xctest; sourceTree = BUILT_PRODUCTS_DIR; };
		00E356F11AD99517003FC87E /* Info.plist */ = {isa = PBXFileReference; lastKnownFileType = text.plist.xml; path = Info.plist; sourceTree = "<group>"; };
		00E356F21AD99517003FC87E /* NeedlIOSTests.m */ = {isa = PBXFileReference; lastKnownFileType = sourcecode.c.objc; path = NeedlIOSTests.m; sourceTree = "<group>"; };
		08B96A0EB8A14D5A8D3B3662 /* RNQuickAction.xcodeproj */ = {isa = PBXFileReference; explicitFileType = undefined; fileEncoding = 9; includeInIndex = 0; lastKnownFileType = "wrapper.pb-project"; name = RNQuickAction.xcodeproj; path = "../node_modules/react-native-quick-actions/RNQuickAction/RNQuickAction.xcodeproj"; sourceTree = "<group>"; };
		0E45856FF05E4E81A064AA82 /* Octicons.ttf */ = {isa = PBXFileReference; explicitFileType = undefined; fileEncoding = 9; includeInIndex = 0; lastKnownFileType = unknown; name = Octicons.ttf; path = "../node_modules/react-native-vector-icons/Fonts/Octicons.ttf"; sourceTree = "<group>"; };
		0F4666E4F23C62C09CF43244 /* Pods.debug.xcconfig */ = {isa = PBXFileReference; includeInIndex = 1; lastKnownFileType = text.xcconfig; name = Pods.debug.xcconfig; path = "Pods/Target Support Files/Pods/Pods.debug.xcconfig"; sourceTree = "<group>"; };
		1316059F1C71DC99002BCCB7 /* RNDeviceInfo.xcodeproj */ = {isa = PBXFileReference; lastKnownFileType = "wrapper.pb-project"; name = RNDeviceInfo.xcodeproj; path = "../node_modules/react-native-device-info/RNDeviceInfo.xcodeproj"; sourceTree = "<group>"; };
		131605A61C71E5D6002BCCB7 /* NeedlIOS.entitlements */ = {isa = PBXFileReference; lastKnownFileType = text.xml; name = NeedlIOS.entitlements; path = NeedlIOS/NeedlIOS.entitlements; sourceTree = "<group>"; };
		131605DE1C71E81A002BCCB7 /* Pods.xcodeproj */ = {isa = PBXFileReference; lastKnownFileType = "wrapper.pb-project"; name = Pods.xcodeproj; path = "../node_modules/react-native-branch/Pods/Pods.xcodeproj"; sourceTree = "<group>"; };
		133A16471C60E4E000D4369D /* Bolts.framework */ = {isa = PBXFileReference; lastKnownFileType = wrapper.framework; name = Bolts.framework; path = FacebookSDK/Bolts.framework; sourceTree = "<group>"; };
		136F9BC31C6B72EC00774322 /* FontAwesome.ttf */ = {isa = PBXFileReference; lastKnownFileType = file; name = FontAwesome.ttf; path = "../node_modules/react-native-vector-icons/Fonts/FontAwesome.ttf"; sourceTree = "<group>"; };
		13818BE81C5A16DC0067A620 /* AirMaps.xcodeproj */ = {isa = PBXFileReference; lastKnownFileType = "wrapper.pb-project"; name = AirMaps.xcodeproj; path = "../node_modules/react-native-maps/ios/AirMaps.xcodeproj"; sourceTree = "<group>"; };
		138F18F41C5A63AC00294FA5 /* ReactNativeIcons.xcodeproj */ = {isa = PBXFileReference; lastKnownFileType = "wrapper.pb-project"; name = ReactNativeIcons.xcodeproj; path = "../node_modules/react-native-icons/ios/ReactNativeIcons.xcodeproj"; sourceTree = "<group>"; };
		138F19121C5A63C000294FA5 /* libBranch.a */ = {isa = PBXFileReference; lastKnownFileType = archive.ar; name = libBranch.a; path = "Pods/../build/Debug-iphoneos/libBranch.a"; sourceTree = "<group>"; };
		139105B61AF99BAD00B5F7CC /* RCTSettings.xcodeproj */ = {isa = PBXFileReference; lastKnownFileType = "wrapper.pb-project"; name = RCTSettings.xcodeproj; path = "../node_modules/react-native/Libraries/Settings/RCTSettings.xcodeproj"; sourceTree = "<group>"; };
		139F27DD1C6B51850016E73E /* RCTFBLogin.xcodeproj */ = {isa = PBXFileReference; lastKnownFileType = "wrapper.pb-project"; name = RCTFBLogin.xcodeproj; path = "../node_modules/react-native-facebook-login/RCTFBLogin.xcodeproj"; sourceTree = "<group>"; };
		139FDEE61B06529A00C62182 /* RCTWebSocket.xcodeproj */ = {isa = PBXFileReference; lastKnownFileType = "wrapper.pb-project"; name = RCTWebSocket.xcodeproj; path = "../node_modules/react-native/Libraries/WebSocket/RCTWebSocket.xcodeproj"; sourceTree = "<group>"; };
		13A6489C1C916A210026109C /* Default-736h@3x.png */ = {isa = PBXFileReference; lastKnownFileType = image.png; name = "Default-736h@3x.png"; path = "NeedlIOS/Default-736h@3x.png"; sourceTree = "<group>"; };
		13B07F961A680F5B00A75B9A /* NeedlIOS.app */ = {isa = PBXFileReference; explicitFileType = wrapper.application; includeInIndex = 0; path = NeedlIOS.app; sourceTree = BUILT_PRODUCTS_DIR; };
		13B07FAF1A68108700A75B9A /* AppDelegate.h */ = {isa = PBXFileReference; fileEncoding = 4; lastKnownFileType = sourcecode.c.h; name = AppDelegate.h; path = NeedlIOS/AppDelegate.h; sourceTree = "<group>"; };
		13B07FB01A68108700A75B9A /* AppDelegate.m */ = {isa = PBXFileReference; fileEncoding = 4; lastKnownFileType = sourcecode.c.objc; name = AppDelegate.m; path = NeedlIOS/AppDelegate.m; sourceTree = "<group>"; };
		13B07FB51A68108700A75B9A /* Images.xcassets */ = {isa = PBXFileReference; lastKnownFileType = folder.assetcatalog; name = Images.xcassets; path = NeedlIOS/Images.xcassets; sourceTree = "<group>"; };
		13B07FB61A68108700A75B9A /* Info.plist */ = {isa = PBXFileReference; fileEncoding = 4; lastKnownFileType = text.plist.xml; name = Info.plist; path = NeedlIOS/Info.plist; sourceTree = "<group>"; };
		13B07FB71A68108700A75B9A /* main.m */ = {isa = PBXFileReference; fileEncoding = 4; lastKnownFileType = sourcecode.c.objc; name = main.m; path = NeedlIOS/main.m; sourceTree = "<group>"; };
		13D7395D1CA3E921005B8A5E /* RNImagePicker.xcodeproj */ = {isa = PBXFileReference; lastKnownFileType = "wrapper.pb-project"; name = RNImagePicker.xcodeproj; path = "../node_modules/react-native-image-picker/ios/RNImagePicker.xcodeproj"; sourceTree = "<group>"; };
		13D739641CA3F53E005B8A5E /* RCTFileTransfer.m */ = {isa = PBXFileReference; fileEncoding = 4; lastKnownFileType = sourcecode.c.objc; name = RCTFileTransfer.m; path = "../node_modules/react-native-file-transfer/RCTFileTransfer.m"; sourceTree = "<group>"; };
		13E2B8AA1C68E12900A8CFEC /* FBSDKCoreKit.framework */ = {isa = PBXFileReference; lastKnownFileType = wrapper.framework; name = FBSDKCoreKit.framework; path = FacebookSDK/FBSDKCoreKit.framework; sourceTree = "<group>"; };
		13E2B8AB1C68E12900A8CFEC /* FBSDKLoginKit.framework */ = {isa = PBXFileReference; lastKnownFileType = wrapper.framework; name = FBSDKLoginKit.framework; path = FacebookSDK/FBSDKLoginKit.framework; sourceTree = "<group>"; };
		13E2B8AC1C68E12900A8CFEC /* FBSDKShareKit.framework */ = {isa = PBXFileReference; lastKnownFileType = wrapper.framework; name = FBSDKShareKit.framework; path = FacebookSDK/FBSDKShareKit.framework; sourceTree = "<group>"; };
		13EF120679684B0BA8FBC3AD /* RNVectorIcons.xcodeproj */ = {isa = PBXFileReference; explicitFileType = undefined; fileEncoding = 9; includeInIndex = 0; lastKnownFileType = "wrapper.pb-project"; name = RNVectorIcons.xcodeproj; path = "../node_modules/react-native-vector-icons/RNVectorIcons.xcodeproj"; sourceTree = "<group>"; };
		146833FF1AC3E56700842450 /* React.xcodeproj */ = {isa = PBXFileReference; lastKnownFileType = "wrapper.pb-project"; name = React.xcodeproj; path = "../node_modules/react-native/React/React.xcodeproj"; sourceTree = "<group>"; };
		159A24DFC8A54534B463AC41 /* libRNVectorIcons.a */ = {isa = PBXFileReference; explicitFileType = undefined; fileEncoding = 9; includeInIndex = 0; lastKnownFileType = archive.ar; path = libRNVectorIcons.a; sourceTree = "<group>"; };
		478EF6EFA1C84A97963FC4D1 /* Entypo.ttf */ = {isa = PBXFileReference; explicitFileType = undefined; fileEncoding = 9; includeInIndex = 0; lastKnownFileType = unknown; name = Entypo.ttf; path = "../node_modules/react-native-vector-icons/Fonts/Entypo.ttf"; sourceTree = "<group>"; };
		481F0CC8C7834CDCBD8CB87B /* Foundation.ttf */ = {isa = PBXFileReference; explicitFileType = undefined; fileEncoding = 9; includeInIndex = 0; lastKnownFileType = unknown; name = Foundation.ttf; path = "../node_modules/react-native-vector-icons/Fonts/Foundation.ttf"; sourceTree = "<group>"; };
		5A520F5C29A446968D63568C /* Ionicons.ttf */ = {isa = PBXFileReference; explicitFileType = undefined; fileEncoding = 9; includeInIndex = 0; lastKnownFileType = unknown; name = Ionicons.ttf; path = "../node_modules/react-native-vector-icons/Fonts/Ionicons.ttf"; sourceTree = "<group>"; };
		604C953D5AC75A31E162C710 /* libPods.a */ = {isa = PBXFileReference; explicitFileType = archive.ar; includeInIndex = 0; path = libPods.a; sourceTree = BUILT_PRODUCTS_DIR; };
		6BB6F15093964E19AC1232CC /* Zocial.ttf */ = {isa = PBXFileReference; explicitFileType = undefined; fileEncoding = 9; includeInIndex = 0; lastKnownFileType = unknown; name = Zocial.ttf; path = "../node_modules/react-native-vector-icons/Fonts/Zocial.ttf"; sourceTree = "<group>"; };
		78C398B01ACF4ADC00677621 /* RCTLinking.xcodeproj */ = {isa = PBXFileReference; lastKnownFileType = "wrapper.pb-project"; name = RCTLinking.xcodeproj; path = "../node_modules/react-native/Libraries/LinkingIOS/RCTLinking.xcodeproj"; sourceTree = "<group>"; };
		832341B01AAA6A8300B99B32 /* RCTText.xcodeproj */ = {isa = PBXFileReference; lastKnownFileType = "wrapper.pb-project"; name = RCTText.xcodeproj; path = "../node_modules/react-native/Libraries/Text/RCTText.xcodeproj"; sourceTree = "<group>"; };
		A32E07661C0749CF0075E6E8 /* Quicksand_Dash.otf */ = {isa = PBXFileReference; lastKnownFileType = file; path = Quicksand_Dash.otf; sourceTree = "<group>"; };
		A32E07671C0749CF0075E6E8 /* Quicksand-Bold.otf */ = {isa = PBXFileReference; lastKnownFileType = file; path = "Quicksand-Bold.otf"; sourceTree = "<group>"; };
		A32E07681C0749CF0075E6E8 /* Quicksand-BoldItalic.otf */ = {isa = PBXFileReference; lastKnownFileType = file; path = "Quicksand-BoldItalic.otf"; sourceTree = "<group>"; };
		A32E07691C0749CF0075E6E8 /* Quicksand-Italic.otf */ = {isa = PBXFileReference; lastKnownFileType = file; path = "Quicksand-Italic.otf"; sourceTree = "<group>"; };
		A32E076A1C0749CF0075E6E8 /* Quicksand-Light.otf */ = {isa = PBXFileReference; lastKnownFileType = file; path = "Quicksand-Light.otf"; sourceTree = "<group>"; };
		A32E076B1C0749CF0075E6E8 /* Quicksand-LightItalic.otf */ = {isa = PBXFileReference; lastKnownFileType = file; path = "Quicksand-LightItalic.otf"; sourceTree = "<group>"; };
		A32E076C1C0749CF0075E6E8 /* Quicksand-Regular.otf */ = {isa = PBXFileReference; lastKnownFileType = file; path = "Quicksand-Regular.otf"; sourceTree = "<group>"; };
		A32E07911C075B5B0075E6E8 /* RNKeyboardEvents.xcodeproj */ = {isa = PBXFileReference; lastKnownFileType = "wrapper.pb-project"; name = RNKeyboardEvents.xcodeproj; path = "../node_modules/react-native-keyboardevents/RNKeyboardEvents.xcodeproj"; sourceTree = "<group>"; };
		A32E07981C075BC20075E6E8 /* RCTContacts.xcodeproj */ = {isa = PBXFileReference; lastKnownFileType = "wrapper.pb-project"; name = RCTContacts.xcodeproj; path = "../node_modules/react-native-contacts/ios/RCTContacts.xcodeproj"; sourceTree = "<group>"; };
		A32E079F1C075BFB0075E6E8 /* BVLinearGradient.xcodeproj */ = {isa = PBXFileReference; lastKnownFileType = "wrapper.pb-project"; name = BVLinearGradient.xcodeproj; path = "../node_modules/react-native-linear-gradient/BVLinearGradient.xcodeproj"; sourceTree = "<group>"; };
		A32E07AD1C075CB10075E6E8 /* RCTPushNotification.xcodeproj */ = {isa = PBXFileReference; lastKnownFileType = "wrapper.pb-project"; name = RCTPushNotification.xcodeproj; path = "../node_modules/react-native/Libraries/PushNotificationIOS/RCTPushNotification.xcodeproj"; sourceTree = "<group>"; };
		A32E07B41C075DA20075E6E8 /* Default-568h@2x.png */ = {isa = PBXFileReference; lastKnownFileType = image.png; name = "Default-568h@2x.png"; path = "NeedlIOS/Default-568h@2x.png"; sourceTree = "<group>"; };
		A32E07B51C075DA20075E6E8 /* Default@2x.png */ = {isa = PBXFileReference; lastKnownFileType = image.png; name = "Default@2x.png"; path = "NeedlIOS/Default@2x.png"; sourceTree = "<group>"; };
		A32E081D1C08F9B90075E6E8 /* RNOverlay.xcodeproj */ = {isa = PBXFileReference; lastKnownFileType = "wrapper.pb-project"; name = RNOverlay.xcodeproj; path = "../node_modules/react-native-overlay/RNOverlay.xcodeproj"; sourceTree = "<group>"; };
		A33A43B21C235750003F61B5 /* Podfile */ = {isa = PBXFileReference; fileEncoding = 4; lastKnownFileType = text; path = Podfile; sourceTree = "<group>"; xcLanguageSpecificationIdentifier = xcode.lang.ruby; };
		A33A44401C235C32003F61B5 /* RNMixpanel.xcodeproj */ = {isa = PBXFileReference; lastKnownFileType = "wrapper.pb-project"; name = RNMixpanel.xcodeproj; path = "../node_modules/react-native-mixpanel/RNMixpanel.xcodeproj"; sourceTree = "<group>"; };
		A33A44461C235C42003F61B5 /* libMixpanel.a */ = {isa = PBXFileReference; lastKnownFileType = archive.ar; name = libMixpanel.a; path = "Pods/../build/Debug-iphoneos/libMixpanel.a"; sourceTree = "<group>"; };
		A34312E81C1975CE001255CF /* RNSearchBar.xcodeproj */ = {isa = PBXFileReference; lastKnownFileType = "wrapper.pb-project"; name = RNSearchBar.xcodeproj; path = "../node_modules/react-native-search-bar/RNSearchBar.xcodeproj"; sourceTree = "<group>"; };
		A3D0701B1C158A5200BB5FBD /* RNMessageComposer.xcodeproj */ = {isa = PBXFileReference; lastKnownFileType = "wrapper.pb-project"; name = RNMessageComposer.xcodeproj; path = "../node_modules/react-native-message-composer/RNMessageComposer.xcodeproj"; sourceTree = "<group>"; };
		A3FFD70F1C10AB4F00AB1038 /* LaunchScreen.storyboard */ = {isa = PBXFileReference; fileEncoding = 4; lastKnownFileType = file.storyboard; path = LaunchScreen.storyboard; sourceTree = "<group>"; };
		A3FFD7111C10AE4800AB1038 /* Default-667h@2x.png */ = {isa = PBXFileReference; lastKnownFileType = image.png; name = "Default-667h@2x.png"; path = "NeedlIOS/Default-667h@2x.png"; sourceTree = "<group>"; };
		B61EF3B885494D4CB899E3D3 /* libRNQuickAction.a */ = {isa = PBXFileReference; explicitFileType = undefined; fileEncoding = 9; includeInIndex = 0; lastKnownFileType = archive.ar; path = libRNQuickAction.a; sourceTree = "<group>"; };
		D1681434EE1D4CB6956E7411 /* libRNBranch.a */ = {isa = PBXFileReference; explicitFileType = undefined; fileEncoding = 9; includeInIndex = 0; lastKnownFileType = archive.ar; path = libRNBranch.a; sourceTree = "<group>"; };
		D99AE9F57AA7431DA4889B50 /* RNBranch.xcodeproj */ = {isa = PBXFileReference; explicitFileType = undefined; fileEncoding = 9; includeInIndex = 0; lastKnownFileType = "wrapper.pb-project"; name = RNBranch.xcodeproj; path = "../node_modules/react-native-branch/RNBranch/RNBranch.xcodeproj"; sourceTree = "<group>"; };
		EB5048F47AC625DCEF7386D1 /* Pods.release.xcconfig */ = {isa = PBXFileReference; includeInIndex = 1; lastKnownFileType = text.xcconfig; name = Pods.release.xcconfig; path = "Pods/Target Support Files/Pods/Pods.release.xcconfig"; sourceTree = "<group>"; };
		F452E3349A1F4BF6ACA35C98 /* EvilIcons.ttf */ = {isa = PBXFileReference; explicitFileType = undefined; fileEncoding = 9; includeInIndex = 0; lastKnownFileType = unknown; name = EvilIcons.ttf; path = "../node_modules/react-native-vector-icons/Fonts/EvilIcons.ttf"; sourceTree = "<group>"; };
		F5BB613AD7634345ABB271F2 /* MaterialIcons.ttf */ = {isa = PBXFileReference; explicitFileType = undefined; fileEncoding = 9; includeInIndex = 0; lastKnownFileType = unknown; name = MaterialIcons.ttf; path = "../node_modules/react-native-vector-icons/Fonts/MaterialIcons.ttf"; sourceTree = "<group>"; };
/* End PBXFileReference section */

/* Begin PBXFrameworksBuildPhase section */
		00E356EB1AD99517003FC87E /* Frameworks */ = {
			isa = PBXFrameworksBuildPhase;
			buildActionMask = 2147483647;
			files = (
			);
			runOnlyForDeploymentPostprocessing = 0;
		};
		13B07F8C1A680F5B00A75B9A /* Frameworks */ = {
			isa = PBXFrameworksBuildPhase;
			buildActionMask = 2147483647;
			files = (
				13D739631CA3E92C005B8A5E /* libRNImagePicker.a in Frameworks */,
				131605A51C71DCAD002BCCB7 /* libRNDeviceInfo.a in Frameworks */,
				139F27E31C6B519C0016E73E /* libRCTFBLogin.a in Frameworks */,
				138F19131C5A63C000294FA5 /* libBranch.a in Frameworks */,
				138F19111C5A63B900294FA5 /* libReactNativeIcons.a in Frameworks */,
				13818BEE1C5A16FB0067A620 /* libAirMaps.a in Frameworks */,
				A33A44481C235C44003F61B5 /* libRNMixpanel.a in Frameworks */,
				A33A44471C235C42003F61B5 /* libMixpanel.a in Frameworks */,
				A34313011C1975D7001255CF /* libRNSearchBar.a in Frameworks */,
				A3D070331C158A6C00BB5FBD /* libRNMessageComposer.a in Frameworks */,
				A32E08231C08F9C70075E6E8 /* libRNOverlay.a in Frameworks */,
				A32E07B31C075CB60075E6E8 /* libRCTPushNotification.a in Frameworks */,
				A32E07A51C075C020075E6E8 /* libBVLinearGradient.a in Frameworks */,
				136F9B931C6B679B00774322 /* FBSDKCoreKit.framework in Frameworks */,
				136F9B941C6B679B00774322 /* FBSDKLoginKit.framework in Frameworks */,
				136F9B951C6B679B00774322 /* FBSDKShareKit.framework in Frameworks */,
				136F9B961C6B679B00774322 /* Bolts.framework in Frameworks */,
				A32E079E1C075BCC0075E6E8 /* libRCTContacts.a in Frameworks */,
				A32E07971C075B650075E6E8 /* libRNKeyboardEvents.a in Frameworks */,
				146834051AC3E58100842450 /* libReact.a in Frameworks */,
				00C302E51ABCBA2D00DB3ED1 /* libRCTActionSheet.a in Frameworks */,
				00C302E71ABCBA2D00DB3ED1 /* libRCTGeolocation.a in Frameworks */,
				00C302E81ABCBA2D00DB3ED1 /* libRCTImage.a in Frameworks */,
				133E29F31AD74F7200F7D852 /* libRCTLinking.a in Frameworks */,
				00C302E91ABCBA2D00DB3ED1 /* libRCTNetwork.a in Frameworks */,
				139105C61AF99C1200B5F7CC /* libRCTSettings.a in Frameworks */,
				832341BD1AAA6AB300B99B32 /* libRCTText.a in Frameworks */,
				00C302EA1ABCBA2D00DB3ED1 /* libRCTVibration.a in Frameworks */,
				139FDEF61B0652A700C62182 /* libRCTWebSocket.a in Frameworks */,
				131605E71C71E85B002BCCB7 /* libBranch.a in Frameworks */,
				97CFAC2D4DAF4C1CB1D75755 /* libRNQuickAction.a in Frameworks */,
				68389F880E294A6893DCB82B /* libRNVectorIcons.a in Frameworks */,
				7BA48ACAC3B845EA8FCFACE1 /* libRNBranch.a in Frameworks */,
			);
			runOnlyForDeploymentPostprocessing = 0;
		};
/* End PBXFrameworksBuildPhase section */

/* Begin PBXGroup section */
		00C302A81ABCB8CE00DB3ED1 /* Products */ = {
			isa = PBXGroup;
			children = (
				00C302AC1ABCB8CE00DB3ED1 /* libRCTActionSheet.a */,
			);
			name = Products;
			sourceTree = "<group>";
		};
		00C302B61ABCB90400DB3ED1 /* Products */ = {
			isa = PBXGroup;
			children = (
				00C302BA1ABCB90400DB3ED1 /* libRCTGeolocation.a */,
			);
			name = Products;
			sourceTree = "<group>";
		};
		00C302BC1ABCB91800DB3ED1 /* Products */ = {
			isa = PBXGroup;
			children = (
				00C302C01ABCB91800DB3ED1 /* libRCTImage.a */,
			);
			name = Products;
			sourceTree = "<group>";
		};
		00C302D41ABCB9D200DB3ED1 /* Products */ = {
			isa = PBXGroup;
			children = (
				00C302DC1ABCB9D200DB3ED1 /* libRCTNetwork.a */,
			);
			name = Products;
			sourceTree = "<group>";
		};
		00C302E01ABCB9EE00DB3ED1 /* Products */ = {
			isa = PBXGroup;
			children = (
				00C302E41ABCB9EE00DB3ED1 /* libRCTVibration.a */,
			);
			name = Products;
			sourceTree = "<group>";
		};
		00E356EF1AD99517003FC87E /* NeedlIOSTests */ = {
			isa = PBXGroup;
			children = (
				00E356F21AD99517003FC87E /* NeedlIOSTests.m */,
				00E356F01AD99517003FC87E /* Supporting Files */,
			);
			path = NeedlIOSTests;
			sourceTree = "<group>";
		};
		00E356F01AD99517003FC87E /* Supporting Files */ = {
			isa = PBXGroup;
			children = (
				00E356F11AD99517003FC87E /* Info.plist */,
			);
			name = "Supporting Files";
			sourceTree = "<group>";
		};
		131605A01C71DC99002BCCB7 /* Products */ = {
			isa = PBXGroup;
			children = (
				131605A41C71DC9A002BCCB7 /* libRNDeviceInfo.a */,
			);
			name = Products;
			sourceTree = "<group>";
		};
		131605DF1C71E81A002BCCB7 /* Products */ = {
			isa = PBXGroup;
			children = (
				131605E41C71E81A002BCCB7 /* libBranch.a */,
				131605E61C71E81A002BCCB7 /* libPods.a */,
			);
			name = Products;
			sourceTree = "<group>";
		};
		1350BDE71CA2F40C008553AC /* Products */ = {
			isa = PBXGroup;
			children = (
				1350BDFB1CA2F40C008553AC /* libRNBranch.a */,
			);
			name = Products;
			sourceTree = "<group>";
		};
		13818BE91C5A16DC0067A620 /* Products */ = {
			isa = PBXGroup;
			children = (
				13818BED1C5A16DC0067A620 /* libAirMaps.a */,
			);
			name = Products;
			sourceTree = "<group>";
		};
		138F18F51C5A63AC00294FA5 /* Products */ = {
			isa = PBXGroup;
			children = (
				138F190B1C5A63AC00294FA5 /* libReactNativeIcons.a */,
			);
			name = Products;
			sourceTree = "<group>";
		};
		139105B71AF99BAD00B5F7CC /* Products */ = {
			isa = PBXGroup;
			children = (
				139105C11AF99BAD00B5F7CC /* libRCTSettings.a */,
			);
			name = Products;
			sourceTree = "<group>";
		};
		139F27DE1C6B51850016E73E /* Products */ = {
			isa = PBXGroup;
			children = (
				139F27E21C6B51850016E73E /* libRCTFBLogin.a */,
			);
			name = Products;
			sourceTree = "<group>";
		};
		139FDEE71B06529A00C62182 /* Products */ = {
			isa = PBXGroup;
			children = (
				139FDEF41B06529B00C62182 /* libRCTWebSocket.a */,
			);
			name = Products;
			sourceTree = "<group>";
		};
		13B07FAE1A68108700A75B9A /* NeedlIOS */ = {
			isa = PBXGroup;
			children = (
				131605A61C71E5D6002BCCB7 /* NeedlIOS.entitlements */,
				008F07F21AC5B25A0029DE68 /* main.jsbundle */,
				A3FFD70F1C10AB4F00AB1038 /* LaunchScreen.storyboard */,
				13B07FAF1A68108700A75B9A /* AppDelegate.h */,
				13B07FB01A68108700A75B9A /* AppDelegate.m */,
				13B07FB51A68108700A75B9A /* Images.xcassets */,
				13B07FB61A68108700A75B9A /* Info.plist */,
				13B07FB71A68108700A75B9A /* main.m */,
			);
			name = NeedlIOS;
			sourceTree = "<group>";
		};
		13CBAD911C6E2BCD00AD1D04 /* Products */ = {
			isa = PBXGroup;
			children = (
				13CBADAA1C6E2BCD00AD1D04 /* libRNQuickAction.a */,
			);
			name = Products;
			sourceTree = "<group>";
		};
		13CBADAC1C6E2BCD00AD1D04 /* Products */ = {
			isa = PBXGroup;
			children = (
				13CBADB01C6E2BCD00AD1D04 /* libRNVectorIcons.a */,
			);
			name = Products;
			sourceTree = "<group>";
		};
		13D7395E1CA3E921005B8A5E /* Products */ = {
			isa = PBXGroup;
			children = (
				13D739621CA3E921005B8A5E /* libRNImagePicker.a */,
			);
			name = Products;
			sourceTree = "<group>";
		};
		146834001AC3E56700842450 /* Products */ = {
			isa = PBXGroup;
			children = (
				146834041AC3E56700842450 /* libReact.a */,
			);
			name = Products;
			sourceTree = "<group>";
		};
		3A3F9D1F405F43019360E861 /* Resources */ = {
			isa = PBXGroup;
			children = (
				478EF6EFA1C84A97963FC4D1 /* Entypo.ttf */,
				F452E3349A1F4BF6ACA35C98 /* EvilIcons.ttf */,
				481F0CC8C7834CDCBD8CB87B /* Foundation.ttf */,
				5A520F5C29A446968D63568C /* Ionicons.ttf */,
				F5BB613AD7634345ABB271F2 /* MaterialIcons.ttf */,
				0E45856FF05E4E81A064AA82 /* Octicons.ttf */,
				6BB6F15093964E19AC1232CC /* Zocial.ttf */,
			);
			name = Resources;
			sourceTree = "<group>";
		};
		47795A75BF7D6CCFD36D3E57 /* Pods */ = {
			isa = PBXGroup;
			children = (
				0F4666E4F23C62C09CF43244 /* Pods.debug.xcconfig */,
				EB5048F47AC625DCEF7386D1 /* Pods.release.xcconfig */,
			);
			name = Pods;
			sourceTree = "<group>";
		};
		78C398B11ACF4ADC00677621 /* Products */ = {
			isa = PBXGroup;
			children = (
				78C398B91ACF4ADC00677621 /* libRCTLinking.a */,
			);
			name = Products;
			sourceTree = "<group>";
		};
		832341AE1AAA6A7D00B99B32 /* Libraries */ = {
			isa = PBXGroup;
			children = (
				13D739641CA3F53E005B8A5E /* RCTFileTransfer.m */,
				13D7395D1CA3E921005B8A5E /* RNImagePicker.xcodeproj */,
				131605DE1C71E81A002BCCB7 /* Pods.xcodeproj */,
				1316059F1C71DC99002BCCB7 /* RNDeviceInfo.xcodeproj */,
				139F27DD1C6B51850016E73E /* RCTFBLogin.xcodeproj */,
				138F18F41C5A63AC00294FA5 /* ReactNativeIcons.xcodeproj */,
				13818BE81C5A16DC0067A620 /* AirMaps.xcodeproj */,
				A33A44401C235C32003F61B5 /* RNMixpanel.xcodeproj */,
				A34312E81C1975CE001255CF /* RNSearchBar.xcodeproj */,
				A3D0701B1C158A5200BB5FBD /* RNMessageComposer.xcodeproj */,
				A32E081D1C08F9B90075E6E8 /* RNOverlay.xcodeproj */,
				A32E07AD1C075CB10075E6E8 /* RCTPushNotification.xcodeproj */,
				A32E079F1C075BFB0075E6E8 /* BVLinearGradient.xcodeproj */,
				A32E07981C075BC20075E6E8 /* RCTContacts.xcodeproj */,
				A32E07911C075B5B0075E6E8 /* RNKeyboardEvents.xcodeproj */,
				146833FF1AC3E56700842450 /* React.xcodeproj */,
				00C302A71ABCB8CE00DB3ED1 /* RCTActionSheet.xcodeproj */,
				00C302B51ABCB90400DB3ED1 /* RCTGeolocation.xcodeproj */,
				00C302BB1ABCB91800DB3ED1 /* RCTImage.xcodeproj */,
				78C398B01ACF4ADC00677621 /* RCTLinking.xcodeproj */,
				00C302D31ABCB9D200DB3ED1 /* RCTNetwork.xcodeproj */,
				139105B61AF99BAD00B5F7CC /* RCTSettings.xcodeproj */,
				832341B01AAA6A8300B99B32 /* RCTText.xcodeproj */,
				00C302DF1ABCB9EE00DB3ED1 /* RCTVibration.xcodeproj */,
				139FDEE61B06529A00C62182 /* RCTWebSocket.xcodeproj */,
				08B96A0EB8A14D5A8D3B3662 /* RNQuickAction.xcodeproj */,
				13EF120679684B0BA8FBC3AD /* RNVectorIcons.xcodeproj */,
				D99AE9F57AA7431DA4889B50 /* RNBranch.xcodeproj */,
			);
			name = Libraries;
			sourceTree = "<group>";
		};
		832341B11AAA6A8300B99B32 /* Products */ = {
			isa = PBXGroup;
			children = (
				832341B51AAA6A8300B99B32 /* libRCTText.a */,
			);
			name = Products;
			sourceTree = "<group>";
		};
		83CBB9F61A601CBA00E9B192 = {
			isa = PBXGroup;
			children = (
				136F9BC31C6B72EC00774322 /* FontAwesome.ttf */,
				13E2B8AA1C68E12900A8CFEC /* FBSDKCoreKit.framework */,
				13E2B8AB1C68E12900A8CFEC /* FBSDKLoginKit.framework */,
				13E2B8AC1C68E12900A8CFEC /* FBSDKShareKit.framework */,
				133A16471C60E4E000D4369D /* Bolts.framework */,
				A33A43B21C235750003F61B5 /* Podfile */,
				A32E07B41C075DA20075E6E8 /* Default-568h@2x.png */,
				A32E07B51C075DA20075E6E8 /* Default@2x.png */,
				13A6489C1C916A210026109C /* Default-736h@3x.png */,
				A3FFD7111C10AE4800AB1038 /* Default-667h@2x.png */,
				A32E07661C0749CF0075E6E8 /* Quicksand_Dash.otf */,
				A32E07671C0749CF0075E6E8 /* Quicksand-Bold.otf */,
				A32E07681C0749CF0075E6E8 /* Quicksand-BoldItalic.otf */,
				A32E07691C0749CF0075E6E8 /* Quicksand-Italic.otf */,
				A32E076A1C0749CF0075E6E8 /* Quicksand-Light.otf */,
				A32E076B1C0749CF0075E6E8 /* Quicksand-LightItalic.otf */,
				A32E076C1C0749CF0075E6E8 /* Quicksand-Regular.otf */,
				13B07FAE1A68108700A75B9A /* NeedlIOS */,
				832341AE1AAA6A7D00B99B32 /* Libraries */,
				00E356EF1AD99517003FC87E /* NeedlIOSTests */,
				83CBBA001A601CBA00E9B192 /* Products */,
				C1A38D0E6D6A7C0FE60568B0 /* Frameworks */,
				47795A75BF7D6CCFD36D3E57 /* Pods */,
				3A3F9D1F405F43019360E861 /* Resources */,
			);
			indentWidth = 2;
			sourceTree = "<group>";
			tabWidth = 2;
		};
		83CBBA001A601CBA00E9B192 /* Products */ = {
			isa = PBXGroup;
			children = (
				13B07F961A680F5B00A75B9A /* NeedlIOS.app */,
				00E356EE1AD99517003FC87E /* NeedlIOSTests.xctest */,
			);
			name = Products;
			sourceTree = "<group>";
		};
		A32E07921C075B5B0075E6E8 /* Products */ = {
			isa = PBXGroup;
			children = (
				A32E07961C075B5C0075E6E8 /* libRNKeyboardEvents.a */,
			);
			name = Products;
			sourceTree = "<group>";
		};
		A32E07991C075BC20075E6E8 /* Products */ = {
			isa = PBXGroup;
			children = (
				A32E079D1C075BC20075E6E8 /* libRCTContacts.a */,
			);
			name = Products;
			sourceTree = "<group>";
		};
		A32E07A01C075BFB0075E6E8 /* Products */ = {
			isa = PBXGroup;
			children = (
				A32E07A41C075BFB0075E6E8 /* libBVLinearGradient.a */,
			);
			name = Products;
			sourceTree = "<group>";
		};
		A32E07AE1C075CB10075E6E8 /* Products */ = {
			isa = PBXGroup;
			children = (
				A32E07B21C075CB10075E6E8 /* libRCTPushNotification.a */,
			);
			name = Products;
			sourceTree = "<group>";
		};
		A32E081E1C08F9B90075E6E8 /* Products */ = {
			isa = PBXGroup;
			children = (
				A32E08221C08F9B90075E6E8 /* libRNOverlay.a */,
			);
			name = Products;
			sourceTree = "<group>";
		};
		A33A44411C235C32003F61B5 /* Products */ = {
			isa = PBXGroup;
			children = (
				A33A44451C235C32003F61B5 /* libRNMixpanel.a */,
			);
			name = Products;
			sourceTree = "<group>";
		};
		A34312E91C1975CE001255CF /* Products */ = {
			isa = PBXGroup;
			children = (
				A34313001C1975CF001255CF /* libRNSearchBar.a */,
			);
			name = Products;
			sourceTree = "<group>";
		};
		A3D0701C1C158A5200BB5FBD /* Products */ = {
			isa = PBXGroup;
			children = (
				A3D070311C158A5200BB5FBD /* libRNMessageComposer.a */,
			);
			name = Products;
			sourceTree = "<group>";
		};
		C1A38D0E6D6A7C0FE60568B0 /* Frameworks */ = {
			isa = PBXGroup;
			children = (
				138F19121C5A63C000294FA5 /* libBranch.a */,
				A33A44461C235C42003F61B5 /* libMixpanel.a */,
				604C953D5AC75A31E162C710 /* libPods.a */,
			);
			name = Frameworks;
			sourceTree = "<group>";
		};
/* End PBXGroup section */

/* Begin PBXNativeTarget section */
		00E356ED1AD99517003FC87E /* NeedlIOSTests */ = {
			isa = PBXNativeTarget;
			buildConfigurationList = 00E357021AD99517003FC87E /* Build configuration list for PBXNativeTarget "NeedlIOSTests" */;
			buildPhases = (
				00E356EA1AD99517003FC87E /* Sources */,
				00E356EB1AD99517003FC87E /* Frameworks */,
				00E356EC1AD99517003FC87E /* Resources */,
			);
			buildRules = (
			);
			dependencies = (
				00E356F51AD99517003FC87E /* PBXTargetDependency */,
			);
			name = NeedlIOSTests;
			productName = NeedlIOSTests;
			productReference = 00E356EE1AD99517003FC87E /* NeedlIOSTests.xctest */;
			productType = "com.apple.product-type.bundle.unit-test";
		};
		13B07F861A680F5B00A75B9A /* NeedlIOS */ = {
			isa = PBXNativeTarget;
			buildConfigurationList = 13B07F931A680F5B00A75B9A /* Build configuration list for PBXNativeTarget "NeedlIOS" */;
			buildPhases = (
				C8376659A03CB6462FC48A4D /* Check Pods Manifest.lock */,
				13B07F871A680F5B00A75B9A /* Sources */,
				13B07F8C1A680F5B00A75B9A /* Frameworks */,
				13B07F8E1A680F5B00A75B9A /* Resources */,
				00DD1BFF1BD5951E006B06BC /* Bundle React Native code and images */,
				2DF2BC31ACB8A3705609DF19 /* Copy Pods Resources */,
				969C62F3DE94E73C6497EE4B /* Embed Pods Frameworks */,
			);
			buildRules = (
			);
			dependencies = (
			);
			name = NeedlIOS;
			productName = "Hello World";
			productReference = 13B07F961A680F5B00A75B9A /* NeedlIOS.app */;
			productType = "com.apple.product-type.application";
		};
/* End PBXNativeTarget section */

/* Begin PBXProject section */
		83CBB9F71A601CBA00E9B192 /* Project object */ = {
			isa = PBXProject;
			attributes = {
				LastUpgradeCheck = 710;
				ORGANIZATIONNAME = Facebook;
				TargetAttributes = {
					00E356ED1AD99517003FC87E = {
						CreatedOnToolsVersion = 6.2;
						TestTargetID = 13B07F861A680F5B00A75B9A;
					};
					13B07F861A680F5B00A75B9A = {
						DevelopmentTeam = PVPDDMUFG7;
						SystemCapabilities = {
							com.apple.Push = {
								enabled = 1;
							};
							com.apple.SafariKeychain = {
								enabled = 1;
							};
						};
					};
				};
			};
			buildConfigurationList = 83CBB9FA1A601CBA00E9B192 /* Build configuration list for PBXProject "NeedlIOS" */;
			compatibilityVersion = "Xcode 3.2";
			developmentRegion = English;
			hasScannedForEncodings = 0;
			knownRegions = (
				en,
				Base,
			);
			mainGroup = 83CBB9F61A601CBA00E9B192;
			productRefGroup = 83CBBA001A601CBA00E9B192 /* Products */;
			projectDirPath = "";
			projectReferences = (
				{
					ProductGroup = 13818BE91C5A16DC0067A620 /* Products */;
					ProjectRef = 13818BE81C5A16DC0067A620 /* AirMaps.xcodeproj */;
				},
				{
					ProductGroup = A32E07A01C075BFB0075E6E8 /* Products */;
					ProjectRef = A32E079F1C075BFB0075E6E8 /* BVLinearGradient.xcodeproj */;
				},
				{
					ProductGroup = 131605DF1C71E81A002BCCB7 /* Products */;
					ProjectRef = 131605DE1C71E81A002BCCB7 /* Pods.xcodeproj */;
				},
				{
					ProductGroup = 00C302A81ABCB8CE00DB3ED1 /* Products */;
					ProjectRef = 00C302A71ABCB8CE00DB3ED1 /* RCTActionSheet.xcodeproj */;
				},
				{
					ProductGroup = A32E07991C075BC20075E6E8 /* Products */;
					ProjectRef = A32E07981C075BC20075E6E8 /* RCTContacts.xcodeproj */;
				},
				{
					ProductGroup = 139F27DE1C6B51850016E73E /* Products */;
					ProjectRef = 139F27DD1C6B51850016E73E /* RCTFBLogin.xcodeproj */;
				},
				{
					ProductGroup = 00C302B61ABCB90400DB3ED1 /* Products */;
					ProjectRef = 00C302B51ABCB90400DB3ED1 /* RCTGeolocation.xcodeproj */;
				},
				{
					ProductGroup = 00C302BC1ABCB91800DB3ED1 /* Products */;
					ProjectRef = 00C302BB1ABCB91800DB3ED1 /* RCTImage.xcodeproj */;
				},
				{
					ProductGroup = 78C398B11ACF4ADC00677621 /* Products */;
					ProjectRef = 78C398B01ACF4ADC00677621 /* RCTLinking.xcodeproj */;
				},
				{
					ProductGroup = 00C302D41ABCB9D200DB3ED1 /* Products */;
					ProjectRef = 00C302D31ABCB9D200DB3ED1 /* RCTNetwork.xcodeproj */;
				},
				{
					ProductGroup = A32E07AE1C075CB10075E6E8 /* Products */;
					ProjectRef = A32E07AD1C075CB10075E6E8 /* RCTPushNotification.xcodeproj */;
				},
				{
					ProductGroup = 139105B71AF99BAD00B5F7CC /* Products */;
					ProjectRef = 139105B61AF99BAD00B5F7CC /* RCTSettings.xcodeproj */;
				},
				{
					ProductGroup = 832341B11AAA6A8300B99B32 /* Products */;
					ProjectRef = 832341B01AAA6A8300B99B32 /* RCTText.xcodeproj */;
				},
				{
					ProductGroup = 00C302E01ABCB9EE00DB3ED1 /* Products */;
					ProjectRef = 00C302DF1ABCB9EE00DB3ED1 /* RCTVibration.xcodeproj */;
				},
				{
					ProductGroup = 139FDEE71B06529A00C62182 /* Products */;
					ProjectRef = 139FDEE61B06529A00C62182 /* RCTWebSocket.xcodeproj */;
				},
				{
					ProductGroup = 146834001AC3E56700842450 /* Products */;
					ProjectRef = 146833FF1AC3E56700842450 /* React.xcodeproj */;
				},
				{
					ProductGroup = 138F18F51C5A63AC00294FA5 /* Products */;
					ProjectRef = 138F18F41C5A63AC00294FA5 /* ReactNativeIcons.xcodeproj */;
				},
				{
					ProductGroup = 1350BDE71CA2F40C008553AC /* Products */;
					ProjectRef = D99AE9F57AA7431DA4889B50 /* RNBranch.xcodeproj */;
				},
				{
					ProductGroup = 131605A01C71DC99002BCCB7 /* Products */;
					ProjectRef = 1316059F1C71DC99002BCCB7 /* RNDeviceInfo.xcodeproj */;
				},
				{
					ProductGroup = 13D7395E1CA3E921005B8A5E /* Products */;
					ProjectRef = 13D7395D1CA3E921005B8A5E /* RNImagePicker.xcodeproj */;
				},
				{
					ProductGroup = A32E07921C075B5B0075E6E8 /* Products */;
					ProjectRef = A32E07911C075B5B0075E6E8 /* RNKeyboardEvents.xcodeproj */;
				},
				{
					ProductGroup = A3D0701C1C158A5200BB5FBD /* Products */;
					ProjectRef = A3D0701B1C158A5200BB5FBD /* RNMessageComposer.xcodeproj */;
				},
				{
					ProductGroup = A33A44411C235C32003F61B5 /* Products */;
					ProjectRef = A33A44401C235C32003F61B5 /* RNMixpanel.xcodeproj */;
				},
				{
					ProductGroup = A32E081E1C08F9B90075E6E8 /* Products */;
					ProjectRef = A32E081D1C08F9B90075E6E8 /* RNOverlay.xcodeproj */;
				},
				{
					ProductGroup = 13CBAD911C6E2BCD00AD1D04 /* Products */;
					ProjectRef = 08B96A0EB8A14D5A8D3B3662 /* RNQuickAction.xcodeproj */;
				},
				{
					ProductGroup = A34312E91C1975CE001255CF /* Products */;
					ProjectRef = A34312E81C1975CE001255CF /* RNSearchBar.xcodeproj */;
				},
				{
					ProductGroup = 13CBADAC1C6E2BCD00AD1D04 /* Products */;
					ProjectRef = 13EF120679684B0BA8FBC3AD /* RNVectorIcons.xcodeproj */;
				},
			);
			projectRoot = "";
			targets = (
				13B07F861A680F5B00A75B9A /* NeedlIOS */,
				00E356ED1AD99517003FC87E /* NeedlIOSTests */,
			);
		};
/* End PBXProject section */

/* Begin PBXReferenceProxy section */
		00C302AC1ABCB8CE00DB3ED1 /* libRCTActionSheet.a */ = {
			isa = PBXReferenceProxy;
			fileType = archive.ar;
			path = libRCTActionSheet.a;
			remoteRef = 00C302AB1ABCB8CE00DB3ED1 /* PBXContainerItemProxy */;
			sourceTree = BUILT_PRODUCTS_DIR;
		};
		00C302BA1ABCB90400DB3ED1 /* libRCTGeolocation.a */ = {
			isa = PBXReferenceProxy;
			fileType = archive.ar;
			path = libRCTGeolocation.a;
			remoteRef = 00C302B91ABCB90400DB3ED1 /* PBXContainerItemProxy */;
			sourceTree = BUILT_PRODUCTS_DIR;
		};
		00C302C01ABCB91800DB3ED1 /* libRCTImage.a */ = {
			isa = PBXReferenceProxy;
			fileType = archive.ar;
			path = libRCTImage.a;
			remoteRef = 00C302BF1ABCB91800DB3ED1 /* PBXContainerItemProxy */;
			sourceTree = BUILT_PRODUCTS_DIR;
		};
		00C302DC1ABCB9D200DB3ED1 /* libRCTNetwork.a */ = {
			isa = PBXReferenceProxy;
			fileType = archive.ar;
			path = libRCTNetwork.a;
			remoteRef = 00C302DB1ABCB9D200DB3ED1 /* PBXContainerItemProxy */;
			sourceTree = BUILT_PRODUCTS_DIR;
		};
		00C302E41ABCB9EE00DB3ED1 /* libRCTVibration.a */ = {
			isa = PBXReferenceProxy;
			fileType = archive.ar;
			path = libRCTVibration.a;
			remoteRef = 00C302E31ABCB9EE00DB3ED1 /* PBXContainerItemProxy */;
			sourceTree = BUILT_PRODUCTS_DIR;
		};
		131605A41C71DC9A002BCCB7 /* libRNDeviceInfo.a */ = {
			isa = PBXReferenceProxy;
			fileType = archive.ar;
			path = libRNDeviceInfo.a;
			remoteRef = 131605A31C71DC9A002BCCB7 /* PBXContainerItemProxy */;
			sourceTree = BUILT_PRODUCTS_DIR;
		};
		131605E41C71E81A002BCCB7 /* libBranch.a */ = {
			isa = PBXReferenceProxy;
			fileType = archive.ar;
			path = libBranch.a;
			remoteRef = 131605E31C71E81A002BCCB7 /* PBXContainerItemProxy */;
			sourceTree = BUILT_PRODUCTS_DIR;
		};
		131605E61C71E81A002BCCB7 /* libPods.a */ = {
			isa = PBXReferenceProxy;
			fileType = archive.ar;
			path = libPods.a;
			remoteRef = 131605E51C71E81A002BCCB7 /* PBXContainerItemProxy */;
			sourceTree = BUILT_PRODUCTS_DIR;
		};
		1350BDFB1CA2F40C008553AC /* libRNBranch.a */ = {
			isa = PBXReferenceProxy;
			fileType = archive.ar;
			path = libRNBranch.a;
			remoteRef = 1350BDFA1CA2F40C008553AC /* PBXContainerItemProxy */;
			sourceTree = BUILT_PRODUCTS_DIR;
		};
		13818BED1C5A16DC0067A620 /* libAirMaps.a */ = {
			isa = PBXReferenceProxy;
			fileType = archive.ar;
			path = libAirMaps.a;
			remoteRef = 13818BEC1C5A16DC0067A620 /* PBXContainerItemProxy */;
			sourceTree = BUILT_PRODUCTS_DIR;
		};
		138F190B1C5A63AC00294FA5 /* libReactNativeIcons.a */ = {
			isa = PBXReferenceProxy;
			fileType = archive.ar;
			path = libReactNativeIcons.a;
			remoteRef = 138F190A1C5A63AC00294FA5 /* PBXContainerItemProxy */;
			sourceTree = BUILT_PRODUCTS_DIR;
		};
		139105C11AF99BAD00B5F7CC /* libRCTSettings.a */ = {
			isa = PBXReferenceProxy;
			fileType = archive.ar;
			path = libRCTSettings.a;
			remoteRef = 139105C01AF99BAD00B5F7CC /* PBXContainerItemProxy */;
			sourceTree = BUILT_PRODUCTS_DIR;
		};
		139F27E21C6B51850016E73E /* libRCTFBLogin.a */ = {
			isa = PBXReferenceProxy;
			fileType = archive.ar;
			path = libRCTFBLogin.a;
			remoteRef = 139F27E11C6B51850016E73E /* PBXContainerItemProxy */;
			sourceTree = BUILT_PRODUCTS_DIR;
		};
		139FDEF41B06529B00C62182 /* libRCTWebSocket.a */ = {
			isa = PBXReferenceProxy;
			fileType = archive.ar;
			path = libRCTWebSocket.a;
			remoteRef = 139FDEF31B06529B00C62182 /* PBXContainerItemProxy */;
			sourceTree = BUILT_PRODUCTS_DIR;
		};
		13CBADAA1C6E2BCD00AD1D04 /* libRNQuickAction.a */ = {
			isa = PBXReferenceProxy;
			fileType = archive.ar;
			path = libRNQuickAction.a;
			remoteRef = 13CBADA91C6E2BCD00AD1D04 /* PBXContainerItemProxy */;
			sourceTree = BUILT_PRODUCTS_DIR;
		};
		13CBADB01C6E2BCD00AD1D04 /* libRNVectorIcons.a */ = {
			isa = PBXReferenceProxy;
			fileType = archive.ar;
			path = libRNVectorIcons.a;
			remoteRef = 13CBADAF1C6E2BCD00AD1D04 /* PBXContainerItemProxy */;
			sourceTree = BUILT_PRODUCTS_DIR;
		};
		13D739621CA3E921005B8A5E /* libRNImagePicker.a */ = {
			isa = PBXReferenceProxy;
			fileType = archive.ar;
			path = libRNImagePicker.a;
			remoteRef = 13D739611CA3E921005B8A5E /* PBXContainerItemProxy */;
			sourceTree = BUILT_PRODUCTS_DIR;
		};
		146834041AC3E56700842450 /* libReact.a */ = {
			isa = PBXReferenceProxy;
			fileType = archive.ar;
			path = libReact.a;
			remoteRef = 146834031AC3E56700842450 /* PBXContainerItemProxy */;
			sourceTree = BUILT_PRODUCTS_DIR;
		};
		78C398B91ACF4ADC00677621 /* libRCTLinking.a */ = {
			isa = PBXReferenceProxy;
			fileType = archive.ar;
			path = libRCTLinking.a;
			remoteRef = 78C398B81ACF4ADC00677621 /* PBXContainerItemProxy */;
			sourceTree = BUILT_PRODUCTS_DIR;
		};
		832341B51AAA6A8300B99B32 /* libRCTText.a */ = {
			isa = PBXReferenceProxy;
			fileType = archive.ar;
			path = libRCTText.a;
			remoteRef = 832341B41AAA6A8300B99B32 /* PBXContainerItemProxy */;
			sourceTree = BUILT_PRODUCTS_DIR;
		};
		A32E07961C075B5C0075E6E8 /* libRNKeyboardEvents.a */ = {
			isa = PBXReferenceProxy;
			fileType = archive.ar;
			path = libRNKeyboardEvents.a;
			remoteRef = A32E07951C075B5C0075E6E8 /* PBXContainerItemProxy */;
			sourceTree = BUILT_PRODUCTS_DIR;
		};
		A32E079D1C075BC20075E6E8 /* libRCTContacts.a */ = {
			isa = PBXReferenceProxy;
			fileType = archive.ar;
			path = libRCTContacts.a;
			remoteRef = A32E079C1C075BC20075E6E8 /* PBXContainerItemProxy */;
			sourceTree = BUILT_PRODUCTS_DIR;
		};
		A32E07A41C075BFB0075E6E8 /* libBVLinearGradient.a */ = {
			isa = PBXReferenceProxy;
			fileType = archive.ar;
			path = libBVLinearGradient.a;
			remoteRef = A32E07A31C075BFB0075E6E8 /* PBXContainerItemProxy */;
			sourceTree = BUILT_PRODUCTS_DIR;
		};
		A32E07B21C075CB10075E6E8 /* libRCTPushNotification.a */ = {
			isa = PBXReferenceProxy;
			fileType = archive.ar;
			path = libRCTPushNotification.a;
			remoteRef = A32E07B11C075CB10075E6E8 /* PBXContainerItemProxy */;
			sourceTree = BUILT_PRODUCTS_DIR;
		};
		A32E08221C08F9B90075E6E8 /* libRNOverlay.a */ = {
			isa = PBXReferenceProxy;
			fileType = archive.ar;
			path = libRNOverlay.a;
			remoteRef = A32E08211C08F9B90075E6E8 /* PBXContainerItemProxy */;
			sourceTree = BUILT_PRODUCTS_DIR;
		};
		A33A44451C235C32003F61B5 /* libRNMixpanel.a */ = {
			isa = PBXReferenceProxy;
			fileType = archive.ar;
			path = libRNMixpanel.a;
			remoteRef = A33A44441C235C32003F61B5 /* PBXContainerItemProxy */;
			sourceTree = BUILT_PRODUCTS_DIR;
		};
		A34313001C1975CF001255CF /* libRNSearchBar.a */ = {
			isa = PBXReferenceProxy;
			fileType = archive.ar;
			path = libRNSearchBar.a;
			remoteRef = A34312FF1C1975CF001255CF /* PBXContainerItemProxy */;
			sourceTree = BUILT_PRODUCTS_DIR;
		};
		A3D070311C158A5200BB5FBD /* libRNMessageComposer.a */ = {
			isa = PBXReferenceProxy;
			fileType = archive.ar;
			path = libRNMessageComposer.a;
			remoteRef = A3D070301C158A5200BB5FBD /* PBXContainerItemProxy */;
			sourceTree = BUILT_PRODUCTS_DIR;
		};
/* End PBXReferenceProxy section */

/* Begin PBXResourcesBuildPhase section */
		00E356EC1AD99517003FC87E /* Resources */ = {
			isa = PBXResourcesBuildPhase;
			buildActionMask = 2147483647;
			files = (
			);
			runOnlyForDeploymentPostprocessing = 0;
		};
		13B07F8E1A680F5B00A75B9A /* Resources */ = {
			isa = PBXResourcesBuildPhase;
			buildActionMask = 2147483647;
			files = (
				A32E07B61C075DA20075E6E8 /* Default-568h@2x.png in Resources */,
				A3FFD7121C10AE4800AB1038 /* Default-667h@2x.png in Resources */,
				A32E07B71C075DA20075E6E8 /* Default@2x.png in Resources */,
				A32E076D1C0749CF0075E6E8 /* Quicksand_Dash.otf in Resources */,
				A32E076E1C0749CF0075E6E8 /* Quicksand-Bold.otf in Resources */,
				136F9BC41C6B72EC00774322 /* FontAwesome.ttf in Resources */,
				A32E076F1C0749CF0075E6E8 /* Quicksand-BoldItalic.otf in Resources */,
				A32E07701C0749CF0075E6E8 /* Quicksand-Italic.otf in Resources */,
				A32E07711C0749CF0075E6E8 /* Quicksand-Light.otf in Resources */,
				A32E07721C0749CF0075E6E8 /* Quicksand-LightItalic.otf in Resources */,
				A32E07731C0749CF0075E6E8 /* Quicksand-Regular.otf in Resources */,
				A3FFD7101C10AB4F00AB1038 /* LaunchScreen.storyboard in Resources */,
				A33A43B31C235750003F61B5 /* Podfile in Resources */,
				13B07FBF1A68108700A75B9A /* Images.xcassets in Resources */,
				010E21EC65D34E6DB4DBA50D /* Entypo.ttf in Resources */,
				3A8B1C4D1649494EBF1ECE01 /* EvilIcons.ttf in Resources */,
				CDB590BF3D514F7482604F56 /* Foundation.ttf in Resources */,
				9F09BB0B52D84139A1F0FD33 /* Ionicons.ttf in Resources */,
				54F5BD2FB6694E4180B3730D /* MaterialIcons.ttf in Resources */,
				8FAC61AC56004151A6991736 /* Octicons.ttf in Resources */,
				13A6489D1C916A210026109C /* Default-736h@3x.png in Resources */,
				2D57CEBD2E0A468EB139C11B /* Zocial.ttf in Resources */,
			);
			runOnlyForDeploymentPostprocessing = 0;
		};
/* End PBXResourcesBuildPhase section */

/* Begin PBXShellScriptBuildPhase section */
		00DD1BFF1BD5951E006B06BC /* Bundle React Native code and images */ = {
			isa = PBXShellScriptBuildPhase;
			buildActionMask = 2147483647;
			files = (
			);
			inputPaths = (
			);
			name = "Bundle React Native code and images";
			outputPaths = (
			);
			runOnlyForDeploymentPostprocessing = 0;
			shellPath = /bin/sh;
			shellScript = "../node_modules/react-native/packager/react-native-xcode.sh";
		};
		2DF2BC31ACB8A3705609DF19 /* Copy Pods Resources */ = {
			isa = PBXShellScriptBuildPhase;
			buildActionMask = 2147483647;
			files = (
			);
			inputPaths = (
			);
			name = "Copy Pods Resources";
			outputPaths = (
			);
			runOnlyForDeploymentPostprocessing = 0;
			shellPath = /bin/sh;
			shellScript = "\"${SRCROOT}/Pods/Target Support Files/Pods/Pods-resources.sh\"\n";
			showEnvVarsInLog = 0;
		};
		969C62F3DE94E73C6497EE4B /* Embed Pods Frameworks */ = {
			isa = PBXShellScriptBuildPhase;
			buildActionMask = 2147483647;
			files = (
			);
			inputPaths = (
			);
			name = "Embed Pods Frameworks";
			outputPaths = (
			);
			runOnlyForDeploymentPostprocessing = 0;
			shellPath = /bin/sh;
			shellScript = "\"${SRCROOT}/Pods/Target Support Files/Pods/Pods-frameworks.sh\"\n";
			showEnvVarsInLog = 0;
		};
		C8376659A03CB6462FC48A4D /* Check Pods Manifest.lock */ = {
			isa = PBXShellScriptBuildPhase;
			buildActionMask = 2147483647;
			files = (
			);
			inputPaths = (
			);
			name = "Check Pods Manifest.lock";
			outputPaths = (
			);
			runOnlyForDeploymentPostprocessing = 0;
			shellPath = /bin/sh;
			shellScript = "diff \"${PODS_ROOT}/../Podfile.lock\" \"${PODS_ROOT}/Manifest.lock\" > /dev/null\nif [[ $? != 0 ]] ; then\n    cat << EOM\nerror: The sandbox is not in sync with the Podfile.lock. Run 'pod install' or update your CocoaPods installation.\nEOM\n    exit 1\nfi\n";
			showEnvVarsInLog = 0;
		};
/* End PBXShellScriptBuildPhase section */

/* Begin PBXSourcesBuildPhase section */
		00E356EA1AD99517003FC87E /* Sources */ = {
			isa = PBXSourcesBuildPhase;
			buildActionMask = 2147483647;
			files = (
				00E356F31AD99517003FC87E /* NeedlIOSTests.m in Sources */,
			);
			runOnlyForDeploymentPostprocessing = 0;
		};
		13B07F871A680F5B00A75B9A /* Sources */ = {
			isa = PBXSourcesBuildPhase;
			buildActionMask = 2147483647;
			files = (
				13D739651CA3F53E005B8A5E /* RCTFileTransfer.m in Sources */,
				13B07FBC1A68108700A75B9A /* AppDelegate.m in Sources */,
				13B07FC11A68108700A75B9A /* main.m in Sources */,
			);
			runOnlyForDeploymentPostprocessing = 0;
		};
/* End PBXSourcesBuildPhase section */

/* Begin PBXTargetDependency section */
		00E356F51AD99517003FC87E /* PBXTargetDependency */ = {
			isa = PBXTargetDependency;
			target = 13B07F861A680F5B00A75B9A /* NeedlIOS */;
			targetProxy = 00E356F41AD99517003FC87E /* PBXContainerItemProxy */;
		};
/* End PBXTargetDependency section */

/* Begin XCBuildConfiguration section */
		00E356F61AD99517003FC87E /* Debug */ = {
			isa = XCBuildConfiguration;
			buildSettings = {
				BUNDLE_LOADER = "$(TEST_HOST)";
				FRAMEWORK_SEARCH_PATHS = (
					"$(SDKROOT)/Developer/Library/Frameworks",
					"$(inherited)",
				);
				GCC_PREPROCESSOR_DEFINITIONS = (
					"DEBUG=1",
					"$(inherited)",
				);
				INFOPLIST_FILE = NeedlIOSTests/Info.plist;
				IPHONEOS_DEPLOYMENT_TARGET = 8.2;
				LD_RUNPATH_SEARCH_PATHS = "$(inherited) @executable_path/Frameworks @loader_path/Frameworks";
				LIBRARY_SEARCH_PATHS = (
					"$(inherited)",
					"\"$(SRCROOT)/$(TARGET_NAME)\"",
					"\"$(SRCROOT)/$(TARGET_NAME)\"",
					"\"$(SRCROOT)/$(TARGET_NAME)\"",
					"\"$(SRCROOT)/$(TARGET_NAME)\"",
					"\"$(SRCROOT)/$(TARGET_NAME)\"",
				);
				PRODUCT_BUNDLE_IDENTIFIER = "org.reactjs.native.example.$(PRODUCT_NAME:rfc1034identifier)";
				PRODUCT_NAME = "$(TARGET_NAME)";
				TEST_HOST = "$(BUILT_PRODUCTS_DIR)/NeedlIOS.app/NeedlIOS";
			};
			name = Debug;
		};
		00E356F71AD99517003FC87E /* Release */ = {
			isa = XCBuildConfiguration;
			buildSettings = {
				BUNDLE_LOADER = "$(TEST_HOST)";
				COPY_PHASE_STRIP = NO;
				FRAMEWORK_SEARCH_PATHS = (
					"$(SDKROOT)/Developer/Library/Frameworks",
					"$(inherited)",
				);
				INFOPLIST_FILE = NeedlIOSTests/Info.plist;
				IPHONEOS_DEPLOYMENT_TARGET = 8.2;
				LD_RUNPATH_SEARCH_PATHS = "$(inherited) @executable_path/Frameworks @loader_path/Frameworks";
				LIBRARY_SEARCH_PATHS = (
					"$(inherited)",
					"\"$(SRCROOT)/$(TARGET_NAME)\"",
					"\"$(SRCROOT)/$(TARGET_NAME)\"",
					"\"$(SRCROOT)/$(TARGET_NAME)\"",
					"\"$(SRCROOT)/$(TARGET_NAME)\"",
					"\"$(SRCROOT)/$(TARGET_NAME)\"",
				);
				PRODUCT_BUNDLE_IDENTIFIER = "org.reactjs.native.example.$(PRODUCT_NAME:rfc1034identifier)";
				PRODUCT_NAME = "$(TARGET_NAME)";
				TEST_HOST = "$(BUILT_PRODUCTS_DIR)/NeedlIOS.app/NeedlIOS";
			};
			name = Release;
		};
		13B07F941A680F5B00A75B9A /* Debug */ = {
			isa = XCBuildConfiguration;
			baseConfigurationReference = 0F4666E4F23C62C09CF43244 /* Pods.debug.xcconfig */;
			buildSettings = {
				ARCHS = "$(ARCHS_STANDARD)";
				ASSETCATALOG_COMPILER_APPICON_NAME = AppIcon;
				CLANG_ALLOW_NON_MODULAR_INCLUDES_IN_FRAMEWORK_MODULES = YES;
				CODE_SIGN_ENTITLEMENTS = NeedlIOS/NeedlIOS.entitlements;
				CODE_SIGN_IDENTITY = "iPhone Developer";
				"CODE_SIGN_IDENTITY[sdk=iphoneos*]" = "iPhone Developer";
				DEAD_CODE_STRIPPING = NO;
				ENABLE_BITCODE = NO;
				FRAMEWORK_SEARCH_PATHS = (
					"$(PROJECT_DIR)",
					"$(PROJECT_DIR)/FacebookSDK",
				);
				HEADER_SEARCH_PATHS = (
					"$(inherited)",
					/Applications/Xcode.app/Contents/Developer/Toolchains/XcodeDefault.xctoolchain/usr/include,
					"$(SRCROOT)/../node_modules/react-native/React/**",
					"$(SRCROOT)/../node_modules/react-native-maps/ios/AirMaps/**",
					"$(SRCROOT)/../node_modules/react-native-quick-actions/RNQuickAction/RNQuickAction",
					"$(SRCROOT)/../node_modules/react-native-vector-icons/RNVectorIconsManager",
					"$(SRCROOT)/../node_modules/react-native/Libraries/**",
					"$(SRCROOT)/../node_modules/react-native-branch/RNBranch/RNBranch",
					"$(SRCROOT)/../node_modules/react-native-branch/RNBranch/RNBranch",
				);
				INFOPLIST_FILE = NeedlIOS/Info.plist;
				IPHONEOS_DEPLOYMENT_TARGET = 8.0;
				LD_RUNPATH_SEARCH_PATHS = "$(inherited) @executable_path/Frameworks";
				LIBRARY_SEARCH_PATHS = (
					"$(inherited)",
					"$(PROJECT_DIR)/build/Debug-iphoneos",
				);
				ONLY_ACTIVE_ARCH = YES;
				OTHER_LDFLAGS = (
					"-ObjC",
					"$(inherited)",
				);
				PRODUCT_BUNDLE_IDENTIFIER = fr.needl;
				PRODUCT_NAME = NeedlIOS;
				PROVISIONING_PROFILE = "";
				SKIP_INSTALL = NO;
				VALID_ARCHS = "armv7 armv7s arm64";
			};
			name = Debug;
		};
		13B07F951A680F5B00A75B9A /* Release */ = {
			isa = XCBuildConfiguration;
			baseConfigurationReference = EB5048F47AC625DCEF7386D1 /* Pods.release.xcconfig */;
			buildSettings = {
				ARCHS = "$(ARCHS_STANDARD)";
				ASSETCATALOG_COMPILER_APPICON_NAME = AppIcon;
				CLANG_ALLOW_NON_MODULAR_INCLUDES_IN_FRAMEWORK_MODULES = YES;
				CODE_SIGN_ENTITLEMENTS = NeedlIOS/NeedlIOS.entitlements;
				CODE_SIGN_IDENTITY = "iPhone Developer";
				"CODE_SIGN_IDENTITY[sdk=iphoneos*]" = "iPhone Developer";
				DEAD_CODE_STRIPPING = YES;
				ENABLE_BITCODE = NO;
				FRAMEWORK_SEARCH_PATHS = (
					"$(PROJECT_DIR)",
					"$(PROJECT_DIR)/FacebookSDK",
				);
				HEADER_SEARCH_PATHS = (
					"$(inherited)",
					/Applications/Xcode.app/Contents/Developer/Toolchains/XcodeDefault.xctoolchain/usr/include,
					"$(SRCROOT)/../node_modules/react-native/React/**",
					"$(SRCROOT)/../node_modules/react-native-maps/ios/AirMaps/**",
					"$(SRCROOT)/../node_modules/react-native-quick-actions/RNQuickAction/RNQuickAction",
					"$(SRCROOT)/../node_modules/react-native-vector-icons/RNVectorIconsManager",
					"$(SRCROOT)/../node_modules/react-native/Libraries/**",
					"$(SRCROOT)/../node_modules/react-native-branch/RNBranch/RNBranch",
					"$(SRCROOT)/../node_modules/react-native-branch/RNBranch/RNBranch",
				);
				INFOPLIST_FILE = NeedlIOS/Info.plist;
				IPHONEOS_DEPLOYMENT_TARGET = 8.0;
				LD_RUNPATH_SEARCH_PATHS = "$(inherited) @executable_path/Frameworks";
				LIBRARY_SEARCH_PATHS = (
					"$(inherited)",
					"$(PROJECT_DIR)/build/Debug-iphoneos",
				);
				OTHER_LDFLAGS = (
					"-ObjC",
					"$(inherited)",
				);
				PRODUCT_BUNDLE_IDENTIFIER = fr.needl;
				PRODUCT_NAME = NeedlIOS;
				PROVISIONING_PROFILE = "";
				SKIP_INSTALL = NO;
				VALID_ARCHS = "armv7 armv7s arm64";
			};
			name = Release;
		};
		83CBBA201A601CBA00E9B192 /* Debug */ = {
			isa = XCBuildConfiguration;
			buildSettings = {
				ALWAYS_SEARCH_USER_PATHS = NO;
				CLANG_CXX_LANGUAGE_STANDARD = "gnu++0x";
				CLANG_CXX_LIBRARY = "libc++";
				CLANG_ENABLE_MODULES = YES;
				CLANG_ENABLE_OBJC_ARC = YES;
				CLANG_WARN_BOOL_CONVERSION = YES;
				CLANG_WARN_CONSTANT_CONVERSION = YES;
				CLANG_WARN_DIRECT_OBJC_ISA_USAGE = YES_ERROR;
				CLANG_WARN_EMPTY_BODY = YES;
				CLANG_WARN_ENUM_CONVERSION = YES;
				CLANG_WARN_INT_CONVERSION = YES;
				CLANG_WARN_OBJC_ROOT_CLASS = YES_ERROR;
				CLANG_WARN_UNREACHABLE_CODE = YES;
				CLANG_WARN__DUPLICATE_METHOD_MATCH = YES;
				"CODE_SIGN_IDENTITY[sdk=iphoneos*]" = "iPhone Developer";
				COPY_PHASE_STRIP = NO;
				ENABLE_STRICT_OBJC_MSGSEND = YES;
				ENABLE_TESTABILITY = YES;
				GCC_C_LANGUAGE_STANDARD = gnu99;
				GCC_DYNAMIC_NO_PIC = NO;
				GCC_OPTIMIZATION_LEVEL = 0;
				GCC_PREPROCESSOR_DEFINITIONS = (
					"DEBUG=1",
					"$(inherited)",
				);
				GCC_SYMBOLS_PRIVATE_EXTERN = NO;
				GCC_WARN_64_TO_32_BIT_CONVERSION = YES;
				GCC_WARN_ABOUT_RETURN_TYPE = YES_ERROR;
				GCC_WARN_UNDECLARED_SELECTOR = YES;
				GCC_WARN_UNINITIALIZED_AUTOS = YES_AGGRESSIVE;
				GCC_WARN_UNUSED_FUNCTION = YES;
				GCC_WARN_UNUSED_VARIABLE = YES;
				HEADER_SEARCH_PATHS = (
					"$(inherited)",
					/Applications/Xcode.app/Contents/Developer/Toolchains/XcodeDefault.xctoolchain/usr/include,
					"$(SRCROOT)/../node_modules/react-native/React/**",
					"$(SRCROOT)/../node_modules/react-native-maps/ios/AirMaps/**",
					"$(SRCROOT)/../node_modules/react-native-quick-actions/RNQuickAction/RNQuickAction",
					"$(SRCROOT)/../node_modules/react-native-vector-icons/RNVectorIconsManager",
					"$(SRCROOT)/../node_modules/react-native-branch/RNBranch/RNBranch",
					"$(SRCROOT)/../node_modules/react-native-branch/RNBranch/RNBranch",
				);
				IPHONEOS_DEPLOYMENT_TARGET = 7.0;
				MTL_ENABLE_DEBUG_INFO = YES;
				ONLY_ACTIVE_ARCH = YES;
				SDKROOT = iphoneos;
			};
			name = Debug;
		};
		83CBBA211A601CBA00E9B192 /* Release */ = {
			isa = XCBuildConfiguration;
			buildSettings = {
				ALWAYS_SEARCH_USER_PATHS = NO;
				CLANG_CXX_LANGUAGE_STANDARD = "gnu++0x";
				CLANG_CXX_LIBRARY = "libc++";
				CLANG_ENABLE_MODULES = YES;
				CLANG_ENABLE_OBJC_ARC = YES;
				CLANG_WARN_BOOL_CONVERSION = YES;
				CLANG_WARN_CONSTANT_CONVERSION = YES;
				CLANG_WARN_DIRECT_OBJC_ISA_USAGE = YES_ERROR;
				CLANG_WARN_EMPTY_BODY = YES;
				CLANG_WARN_ENUM_CONVERSION = YES;
				CLANG_WARN_INT_CONVERSION = YES;
				CLANG_WARN_OBJC_ROOT_CLASS = YES_ERROR;
				CLANG_WARN_UNREACHABLE_CODE = YES;
				CLANG_WARN__DUPLICATE_METHOD_MATCH = YES;
				"CODE_SIGN_IDENTITY[sdk=iphoneos*]" = "iPhone Developer";
				COPY_PHASE_STRIP = YES;
				ENABLE_NS_ASSERTIONS = NO;
				ENABLE_STRICT_OBJC_MSGSEND = YES;
				GCC_C_LANGUAGE_STANDARD = gnu99;
				GCC_WARN_64_TO_32_BIT_CONVERSION = YES;
				GCC_WARN_ABOUT_RETURN_TYPE = YES_ERROR;
				GCC_WARN_UNDECLARED_SELECTOR = YES;
				GCC_WARN_UNINITIALIZED_AUTOS = YES_AGGRESSIVE;
				GCC_WARN_UNUSED_FUNCTION = YES;
				GCC_WARN_UNUSED_VARIABLE = YES;
				HEADER_SEARCH_PATHS = (
					"$(inherited)",
					/Applications/Xcode.app/Contents/Developer/Toolchains/XcodeDefault.xctoolchain/usr/include,
					"$(SRCROOT)/../node_modules/react-native/React/**",
					"$(SRCROOT)/../node_modules/react-native-maps/ios/AirMaps/**",
					"$(SRCROOT)/../node_modules/react-native-quick-actions/RNQuickAction/RNQuickAction",
					"$(SRCROOT)/../node_modules/react-native-vector-icons/RNVectorIconsManager",
					"$(SRCROOT)/../node_modules/react-native-branch/RNBranch/RNBranch",
					"$(SRCROOT)/../node_modules/react-native-branch/RNBranch/RNBranch",
				);
				IPHONEOS_DEPLOYMENT_TARGET = 7.0;
				MTL_ENABLE_DEBUG_INFO = NO;
				SDKROOT = iphoneos;
				VALIDATE_PRODUCT = YES;
			};
			name = Release;
		};
/* End XCBuildConfiguration section */

/* Begin XCConfigurationList section */
		00E357021AD99517003FC87E /* Build configuration list for PBXNativeTarget "NeedlIOSTests" */ = {
			isa = XCConfigurationList;
			buildConfigurations = (
				00E356F61AD99517003FC87E /* Debug */,
				00E356F71AD99517003FC87E /* Release */,
			);
			defaultConfigurationIsVisible = 0;
			defaultConfigurationName = Release;
		};
		13B07F931A680F5B00A75B9A /* Build configuration list for PBXNativeTarget "NeedlIOS" */ = {
			isa = XCConfigurationList;
			buildConfigurations = (
				13B07F941A680F5B00A75B9A /* Debug */,
				13B07F951A680F5B00A75B9A /* Release */,
			);
			defaultConfigurationIsVisible = 0;
			defaultConfigurationName = Release;
		};
		83CBB9FA1A601CBA00E9B192 /* Build configuration list for PBXProject "NeedlIOS" */ = {
			isa = XCConfigurationList;
			buildConfigurations = (
				83CBBA201A601CBA00E9B192 /* Debug */,
				83CBBA211A601CBA00E9B192 /* Release */,
			);
			defaultConfigurationIsVisible = 0;
			defaultConfigurationName = Release;
		};
/* End XCConfigurationList section */
	};
	rootObject = 83CBB9F71A601CBA00E9B192 /* Project object */;
}
